
Microsoft Visual Studio Solution File, Format Version 12.00
# Visual Studio 14
VisualStudioVersion = 14.0.25123.0
MinimumVisualStudioVersion = 10.0.40219.1
Project("{FAE04EC0-301F-11D3-BF4B-00C04F79EFBC}") = "Akka.Interfaced", "core\Akka.Interfaced\Akka.Interfaced.csproj", "{5CBDA46B-B22C-474A-8B99-E2E855A8BCA8}"
EndProject
Project("{2150E333-8FDC-42A3-9474-1A3956D46DE8}") = "Core", "Core", "{1A90348B-9EF5-475B-83D8-9D4F385BA8B5}"
EndProject
Project("{FAE04EC0-301F-11D3-BF4B-00C04F79EFBC}") = "CodeGenerator", "core\CodeGenerator\CodeGenerator.csproj", "{C44CF322-7993-4451-A2F6-028C4ABCFD17}"
EndProject
Project("{2150E333-8FDC-42A3-9474-1A3956D46DE8}") = "Sample-SlimHttp", "Sample-SlimHttp", "{02565A03-B570-401D-8796-F84DE193F194}"
EndProject
Project("{FAE04EC0-301F-11D3-BF4B-00C04F79EFBC}") = "SlimHttp.Interface.Server", "samples\SlimHttp\Interface.Server\SlimHttp.Interface.Server.csproj", "{CD2F7E1F-6D1F-462A-92D5-5B07E8FD4533}"
	ProjectSection(ProjectDependencies) = postProject
		{C44CF322-7993-4451-A2F6-028C4ABCFD17} = {C44CF322-7993-4451-A2F6-028C4ABCFD17}
	EndProjectSection
EndProject
Project("{FAE04EC0-301F-11D3-BF4B-00C04F79EFBC}") = "SlimHttp.Program.Client", "samples\SlimHttp\Program.Client\SlimHttp.Program.Client.csproj", "{DB3F97C2-577A-4799-BA6B-31CA14F47CAD}"
EndProject
Project("{FAE04EC0-301F-11D3-BF4B-00C04F79EFBC}") = "SlimHttp.Program.Server", "samples\SlimHttp\Program.Server\SlimHttp.Program.Server.csproj", "{808DAED7-50DB-45A5-AB16-F5C2008DCABA}"
EndProject
Project("{FAE04EC0-301F-11D3-BF4B-00C04F79EFBC}") = "Akka.Interfaced.ProtobufSerializer", "plugins\Akka.Interfaced.ProtobufSerializer\Akka.Interfaced.ProtobufSerializer.csproj", "{F9DC88B2-839B-4A5A-A2A9-88C21EF71A86}"
EndProject
Project("{FAE04EC0-301F-11D3-BF4B-00C04F79EFBC}") = "HelloWorld.Interface", "samples\HelloWorld\Interface\HelloWorld.Interface.csproj", "{A9644A39-B361-4675-9CF6-7F24DFC840E6}"
	ProjectSection(ProjectDependencies) = postProject
		{C44CF322-7993-4451-A2F6-028C4ABCFD17} = {C44CF322-7993-4451-A2F6-028C4ABCFD17}
	EndProjectSection
EndProject
Project("{FAE04EC0-301F-11D3-BF4B-00C04F79EFBC}") = "HelloWorld.Program", "samples\HelloWorld\Program\HelloWorld.Program.csproj", "{DEF6B954-981A-4B94-BED5-539D37A86B4E}"
	ProjectSection(ProjectDependencies) = postProject
		{290774D5-43FB-4F0C-AF75-5615A8370547} = {290774D5-43FB-4F0C-AF75-5615A8370547}
	EndProjectSection
EndProject
Project("{FAE04EC0-301F-11D3-BF4B-00C04F79EFBC}") = "Protobuf.Interface", "samples\Protobuf\Interface\Protobuf.Interface.csproj", "{846AD717-C4AD-459E-9524-84125454685A}"
	ProjectSection(ProjectDependencies) = postProject
		{C44CF322-7993-4451-A2F6-028C4ABCFD17} = {C44CF322-7993-4451-A2F6-028C4ABCFD17}
	EndProjectSection
EndProject
Project("{FAE04EC0-301F-11D3-BF4B-00C04F79EFBC}") = "Protobuf.Program", "samples\Protobuf\Program\Protobuf.Program.csproj", "{5131F342-51E7-481A-A4F7-984A2C70397A}"
EndProject
Project("{FAE04EC0-301F-11D3-BF4B-00C04F79EFBC}") = "SlimHttp.Interface.Client", "samples\SlimHttp\Interface.Client\SlimHttp.Interface.Client.csproj", "{70C1E43F-F4D0-42E1-915A-2701D162C050}"
	ProjectSection(ProjectDependencies) = postProject
		{C44CF322-7993-4451-A2F6-028C4ABCFD17} = {C44CF322-7993-4451-A2F6-028C4ABCFD17}
	EndProjectSection
EndProject
Project("{FAE04EC0-301F-11D3-BF4B-00C04F79EFBC}") = "SlimHttp.Interface.Client.Net35", "samples\SlimHttp\Interface.Client.Net35\SlimHttp.Interface.Client.Net35.csproj", "{63D15731-5E68-4799-93D6-64092E6988B1}"
	ProjectSection(ProjectDependencies) = postProject
		{C44CF322-7993-4451-A2F6-028C4ABCFD17} = {C44CF322-7993-4451-A2F6-028C4ABCFD17}
	EndProjectSection
EndProject
Project("{FAE04EC0-301F-11D3-BF4B-00C04F79EFBC}") = "SlimHttp.Program.Client.Net35", "samples\SlimHttp\Program.Client.Net35\SlimHttp.Program.Client.Net35.csproj", "{75584615-FD8B-4746-8379-7CFF2D7E745B}"
EndProject
Project("{2150E333-8FDC-42A3-9474-1A3956D46DE8}") = "Solution Items", "Solution Items", "{902CC4E5-A632-4462-B6D0-6EC5A63B9855}"
	ProjectSection(SolutionItems) = preProject
		NOTE.md = NOTE.md
		README.md = README.md
	EndProjectSection
EndProject
Project("{FAE04EC0-301F-11D3-BF4B-00C04F79EFBC}") = "Akka.Interfaced-Base", "core\Akka.Interfaced-Base\Akka.Interfaced-Base.csproj", "{C0D22336-C49E-4245-B39D-0B3083C28205}"
EndProject
Project("{FAE04EC0-301F-11D3-BF4B-00C04F79EFBC}") = "Akka.Interfaced.Persistence", "plugins\Akka.Interfaced.Persistence\Akka.Interfaced.Persistence.csproj", "{6364051D-A683-4239-BBBE-88412A8F4E8B}"
EndProject
Project("{FAE04EC0-301F-11D3-BF4B-00C04F79EFBC}") = "Akka.Interfaced-Base.Net35", "core\Akka.Interfaced-Base.Net35\Akka.Interfaced-Base.Net35.csproj", "{9BAE7AB1-4508-45D0-91D4-9B12EEE53CD3}"
EndProject
Project("{2150E333-8FDC-42A3-9474-1A3956D46DE8}") = "Plugins", "Plugins", "{558DE237-AC05-41A5-AA45-2084614D95D3}"
EndProject
Project("{FAE04EC0-301F-11D3-BF4B-00C04F79EFBC}") = "Akka.Interfaced.LogFilter", "plugins\Akka.Interfaced.LogFilter\Akka.Interfaced.LogFilter.csproj", "{0F26DFCE-11BA-4118-BE9A-E4C541D70F14}"
EndProject
Project("{FAE04EC0-301F-11D3-BF4B-00C04F79EFBC}") = "Akka.Interfaced.TestKit", "plugins\Akka.Interfaced.TestKit\Akka.Interfaced.TestKit.csproj", "{96EBC938-B31C-464F-AEC5-DD5CC219ACE8}"
EndProject
Project("{FAE04EC0-301F-11D3-BF4B-00C04F79EFBC}") = "Akka.Interfaced.Tests", "core\Akka.Interfaced.Tests\Akka.Interfaced.Tests.csproj", "{A293F091-284B-4551-A1FC-43B250D81201}"
	ProjectSection(ProjectDependencies) = postProject
		{C44CF322-7993-4451-A2F6-028C4ABCFD17} = {C44CF322-7993-4451-A2F6-028C4ABCFD17}
	EndProjectSection
EndProject
Project("{FAE04EC0-301F-11D3-BF4B-00C04F79EFBC}") = "Akka.Interfaced.LogFilter.Tests", "plugins\Akka.Interfaced.LogFilter.Tests\Akka.Interfaced.LogFilter.Tests.csproj", "{C757100C-FB87-4F83-8C1D-F0CD9F8D8E99}"
	ProjectSection(ProjectDependencies) = postProject
		{C44CF322-7993-4451-A2F6-028C4ABCFD17} = {C44CF322-7993-4451-A2F6-028C4ABCFD17}
	EndProjectSection
EndProject
Project("{FAE04EC0-301F-11D3-BF4B-00C04F79EFBC}") = "Akka.Interfaced.Persistence.Tests", "plugins\Akka.Interfaced.Persistence.Tests\Akka.Interfaced.Persistence.Tests.csproj", "{91EA29B0-8DE7-49FB-BBFB-7A73F28987F4}"
	ProjectSection(ProjectDependencies) = postProject
		{C44CF322-7993-4451-A2F6-028C4ABCFD17} = {C44CF322-7993-4451-A2F6-028C4ABCFD17}
	EndProjectSection
EndProject
Project("{FAE04EC0-301F-11D3-BF4B-00C04F79EFBC}") = "Akka.Interfaced.ProtobufSerializer.Tests", "plugins\Akka.Interfaced.ProtobufSerializer.Tests\Akka.Interfaced.ProtobufSerializer.Tests.csproj", "{63708BDC-9285-4F67-A1D8-237A5D77ABDD}"
	ProjectSection(ProjectDependencies) = postProject
		{C44CF322-7993-4451-A2F6-028C4ABCFD17} = {C44CF322-7993-4451-A2F6-028C4ABCFD17}
	EndProjectSection
EndProject
Project("{FAE04EC0-301F-11D3-BF4B-00C04F79EFBC}") = "Akka.Interfaced.TestKit.Tests", "plugins\Akka.Interfaced.TestKit.Tests\Akka.Interfaced.TestKit.Tests.csproj", "{EC828D56-8C88-49EF-9716-68B2663A7F81}"
	ProjectSection(ProjectDependencies) = postProject
		{C44CF322-7993-4451-A2F6-028C4ABCFD17} = {C44CF322-7993-4451-A2F6-028C4ABCFD17}
	EndProjectSection
EndProject
Project("{FAE04EC0-301F-11D3-BF4B-00C04F79EFBC}") = "CodeVerifier", "core\CodeVerifier\CodeVerifier.csproj", "{290774D5-43FB-4F0C-AF75-5615A8370547}"
EndProject
Project("{FAE04EC0-301F-11D3-BF4B-00C04F79EFBC}") = "CodeVerifier.Tests", "core\CodeVerifier.Tests\CodeVerifier.Tests.csproj", "{2137109B-6ACF-43CC-834A-19064FD784B6}"
EndProject
Project("{FAE04EC0-301F-11D3-BF4B-00C04F79EFBC}") = "Manual.Interface", "samples\Manual\Interface\Manual.Interface.csproj", "{9EECBF54-7B2D-4A41-BBDE-CBFBB344A142}"
	ProjectSection(ProjectDependencies) = postProject
		{C44CF322-7993-4451-A2F6-028C4ABCFD17} = {C44CF322-7993-4451-A2F6-028C4ABCFD17}
	EndProjectSection
EndProject
Project("{FAE04EC0-301F-11D3-BF4B-00C04F79EFBC}") = "Manual.Program", "samples\Manual\Program\Manual.Program.csproj", "{3933BEAA-19AC-452E-A13A-B746E1EA6A8F}"
EndProject
Project("{2150E333-8FDC-42A3-9474-1A3956D46DE8}") = "Samples", "Samples", "{A1C92C0E-3504-4F85-BBF5-505F68630D91}"
EndProject
Project("{FAE04EC0-301F-11D3-BF4B-00C04F79EFBC}") = "CodeGenerator.Tests", "core\CodeGenerator.Tests\CodeGenerator.Tests.csproj", "{84E0EC8E-E7F1-482C-83CF-86671A86EE04}"
EndProject
Project("{FAE04EC0-301F-11D3-BF4B-00C04F79EFBC}") = "Akka.Interfaced.SlimServer", "plugins\Akka.Interfaced.SlimServer\Akka.Interfaced.SlimServer.csproj", "{5BC078FE-32D5-4C6D-A6F6-DE521BE63E36}"
EndProject
Project("{FAE04EC0-301F-11D3-BF4B-00C04F79EFBC}") = "Akka.Interfaced.SlimServer.Tests", "plugins\Akka.Interfaced.SlimServer.Tests\Akka.Interfaced.SlimServer.Tests.csproj", "{CAF11DD4-060F-418E-A195-DA1A2EB281E8}"
	ProjectSection(ProjectDependencies) = postProject
		{C44CF322-7993-4451-A2F6-028C4ABCFD17} = {C44CF322-7993-4451-A2F6-028C4ABCFD17}
	EndProjectSection
EndProject
Global
	GlobalSection(SolutionConfigurationPlatforms) = preSolution
		Debug|Any CPU = Debug|Any CPU
		Debug|Win32 = Debug|Win32
		Release|Any CPU = Release|Any CPU
		Release|Win32 = Release|Win32
	EndGlobalSection
	GlobalSection(ProjectConfigurationPlatforms) = postSolution
		{5CBDA46B-B22C-474A-8B99-E2E855A8BCA8}.Debug|Any CPU.ActiveCfg = Debug|Any CPU
		{5CBDA46B-B22C-474A-8B99-E2E855A8BCA8}.Debug|Any CPU.Build.0 = Debug|Any CPU
		{5CBDA46B-B22C-474A-8B99-E2E855A8BCA8}.Debug|Win32.ActiveCfg = Debug|Any CPU
		{5CBDA46B-B22C-474A-8B99-E2E855A8BCA8}.Debug|Win32.Build.0 = Debug|Any CPU
		{5CBDA46B-B22C-474A-8B99-E2E855A8BCA8}.Release|Any CPU.ActiveCfg = Release|Any CPU
		{5CBDA46B-B22C-474A-8B99-E2E855A8BCA8}.Release|Any CPU.Build.0 = Release|Any CPU
		{5CBDA46B-B22C-474A-8B99-E2E855A8BCA8}.Release|Win32.ActiveCfg = Release|Any CPU
		{C44CF322-7993-4451-A2F6-028C4ABCFD17}.Debug|Any CPU.ActiveCfg = Debug|Any CPU
		{C44CF322-7993-4451-A2F6-028C4ABCFD17}.Debug|Any CPU.Build.0 = Debug|Any CPU
		{C44CF322-7993-4451-A2F6-028C4ABCFD17}.Debug|Win32.ActiveCfg = Debug|Any CPU
		{C44CF322-7993-4451-A2F6-028C4ABCFD17}.Debug|Win32.Build.0 = Debug|Any CPU
		{C44CF322-7993-4451-A2F6-028C4ABCFD17}.Release|Any CPU.ActiveCfg = Release|Any CPU
		{C44CF322-7993-4451-A2F6-028C4ABCFD17}.Release|Any CPU.Build.0 = Release|Any CPU
		{C44CF322-7993-4451-A2F6-028C4ABCFD17}.Release|Win32.ActiveCfg = Release|Any CPU
		{CD2F7E1F-6D1F-462A-92D5-5B07E8FD4533}.Debug|Any CPU.ActiveCfg = Debug|Any CPU
		{CD2F7E1F-6D1F-462A-92D5-5B07E8FD4533}.Debug|Any CPU.Build.0 = Debug|Any CPU
		{CD2F7E1F-6D1F-462A-92D5-5B07E8FD4533}.Debug|Win32.ActiveCfg = Debug|Any CPU
		{CD2F7E1F-6D1F-462A-92D5-5B07E8FD4533}.Debug|Win32.Build.0 = Debug|Any CPU
		{CD2F7E1F-6D1F-462A-92D5-5B07E8FD4533}.Release|Any CPU.ActiveCfg = Release|Any CPU
		{CD2F7E1F-6D1F-462A-92D5-5B07E8FD4533}.Release|Any CPU.Build.0 = Release|Any CPU
		{CD2F7E1F-6D1F-462A-92D5-5B07E8FD4533}.Release|Win32.ActiveCfg = Release|Any CPU
		{DB3F97C2-577A-4799-BA6B-31CA14F47CAD}.Debug|Any CPU.ActiveCfg = Debug|Any CPU
		{DB3F97C2-577A-4799-BA6B-31CA14F47CAD}.Debug|Any CPU.Build.0 = Debug|Any CPU
		{DB3F97C2-577A-4799-BA6B-31CA14F47CAD}.Debug|Win32.ActiveCfg = Debug|Any CPU
		{DB3F97C2-577A-4799-BA6B-31CA14F47CAD}.Debug|Win32.Build.0 = Debug|Any CPU
		{DB3F97C2-577A-4799-BA6B-31CA14F47CAD}.Release|Any CPU.ActiveCfg = Release|Any CPU
		{DB3F97C2-577A-4799-BA6B-31CA14F47CAD}.Release|Any CPU.Build.0 = Release|Any CPU
		{DB3F97C2-577A-4799-BA6B-31CA14F47CAD}.Release|Win32.ActiveCfg = Release|Any CPU
		{808DAED7-50DB-45A5-AB16-F5C2008DCABA}.Debug|Any CPU.ActiveCfg = Debug|Any CPU
		{808DAED7-50DB-45A5-AB16-F5C2008DCABA}.Debug|Any CPU.Build.0 = Debug|Any CPU
		{808DAED7-50DB-45A5-AB16-F5C2008DCABA}.Debug|Win32.ActiveCfg = Debug|Any CPU
		{808DAED7-50DB-45A5-AB16-F5C2008DCABA}.Debug|Win32.Build.0 = Debug|Any CPU
		{808DAED7-50DB-45A5-AB16-F5C2008DCABA}.Release|Any CPU.ActiveCfg = Release|Any CPU
		{808DAED7-50DB-45A5-AB16-F5C2008DCABA}.Release|Any CPU.Build.0 = Release|Any CPU
		{808DAED7-50DB-45A5-AB16-F5C2008DCABA}.Release|Win32.ActiveCfg = Release|Any CPU
		{F9DC88B2-839B-4A5A-A2A9-88C21EF71A86}.Debug|Any CPU.ActiveCfg = Debug|Any CPU
		{F9DC88B2-839B-4A5A-A2A9-88C21EF71A86}.Debug|Any CPU.Build.0 = Debug|Any CPU
		{F9DC88B2-839B-4A5A-A2A9-88C21EF71A86}.Debug|Win32.ActiveCfg = Debug|Any CPU
		{F9DC88B2-839B-4A5A-A2A9-88C21EF71A86}.Debug|Win32.Build.0 = Debug|Any CPU
		{F9DC88B2-839B-4A5A-A2A9-88C21EF71A86}.Release|Any CPU.ActiveCfg = Release|Any CPU
		{F9DC88B2-839B-4A5A-A2A9-88C21EF71A86}.Release|Any CPU.Build.0 = Release|Any CPU
		{F9DC88B2-839B-4A5A-A2A9-88C21EF71A86}.Release|Win32.ActiveCfg = Release|Any CPU
		{A9644A39-B361-4675-9CF6-7F24DFC840E6}.Debug|Any CPU.ActiveCfg = Debug|Any CPU
		{A9644A39-B361-4675-9CF6-7F24DFC840E6}.Debug|Any CPU.Build.0 = Debug|Any CPU
		{A9644A39-B361-4675-9CF6-7F24DFC840E6}.Debug|Win32.ActiveCfg = Debug|Any CPU
		{A9644A39-B361-4675-9CF6-7F24DFC840E6}.Debug|Win32.Build.0 = Debug|Any CPU
		{A9644A39-B361-4675-9CF6-7F24DFC840E6}.Release|Any CPU.ActiveCfg = Release|Any CPU
		{A9644A39-B361-4675-9CF6-7F24DFC840E6}.Release|Any CPU.Build.0 = Release|Any CPU
		{A9644A39-B361-4675-9CF6-7F24DFC840E6}.Release|Win32.ActiveCfg = Release|Any CPU
		{DEF6B954-981A-4B94-BED5-539D37A86B4E}.Debug|Any CPU.ActiveCfg = Debug|Any CPU
		{DEF6B954-981A-4B94-BED5-539D37A86B4E}.Debug|Any CPU.Build.0 = Debug|Any CPU
		{DEF6B954-981A-4B94-BED5-539D37A86B4E}.Debug|Win32.ActiveCfg = Debug|Any CPU
		{DEF6B954-981A-4B94-BED5-539D37A86B4E}.Debug|Win32.Build.0 = Debug|Any CPU
		{DEF6B954-981A-4B94-BED5-539D37A86B4E}.Release|Any CPU.ActiveCfg = Release|Any CPU
		{DEF6B954-981A-4B94-BED5-539D37A86B4E}.Release|Any CPU.Build.0 = Release|Any CPU
		{DEF6B954-981A-4B94-BED5-539D37A86B4E}.Release|Win32.ActiveCfg = Release|Any CPU
		{846AD717-C4AD-459E-9524-84125454685A}.Debug|Any CPU.ActiveCfg = Debug|Any CPU
		{846AD717-C4AD-459E-9524-84125454685A}.Debug|Any CPU.Build.0 = Debug|Any CPU
		{846AD717-C4AD-459E-9524-84125454685A}.Debug|Win32.ActiveCfg = Debug|Any CPU
		{846AD717-C4AD-459E-9524-84125454685A}.Debug|Win32.Build.0 = Debug|Any CPU
		{846AD717-C4AD-459E-9524-84125454685A}.Release|Any CPU.ActiveCfg = Release|Any CPU
		{846AD717-C4AD-459E-9524-84125454685A}.Release|Any CPU.Build.0 = Release|Any CPU
		{846AD717-C4AD-459E-9524-84125454685A}.Release|Win32.ActiveCfg = Release|Any CPU
		{5131F342-51E7-481A-A4F7-984A2C70397A}.Debug|Any CPU.ActiveCfg = Debug|Any CPU
		{5131F342-51E7-481A-A4F7-984A2C70397A}.Debug|Any CPU.Build.0 = Debug|Any CPU
		{5131F342-51E7-481A-A4F7-984A2C70397A}.Debug|Win32.ActiveCfg = Debug|Any CPU
		{5131F342-51E7-481A-A4F7-984A2C70397A}.Debug|Win32.Build.0 = Debug|Any CPU
		{5131F342-51E7-481A-A4F7-984A2C70397A}.Release|Any CPU.ActiveCfg = Release|Any CPU
		{5131F342-51E7-481A-A4F7-984A2C70397A}.Release|Any CPU.Build.0 = Release|Any CPU
		{5131F342-51E7-481A-A4F7-984A2C70397A}.Release|Win32.ActiveCfg = Release|Any CPU
		{70C1E43F-F4D0-42E1-915A-2701D162C050}.Debug|Any CPU.ActiveCfg = Debug|Any CPU
		{70C1E43F-F4D0-42E1-915A-2701D162C050}.Debug|Any CPU.Build.0 = Debug|Any CPU
		{70C1E43F-F4D0-42E1-915A-2701D162C050}.Debug|Win32.ActiveCfg = Debug|Any CPU
		{70C1E43F-F4D0-42E1-915A-2701D162C050}.Debug|Win32.Build.0 = Debug|Any CPU
		{70C1E43F-F4D0-42E1-915A-2701D162C050}.Release|Any CPU.ActiveCfg = Release|Any CPU
		{70C1E43F-F4D0-42E1-915A-2701D162C050}.Release|Any CPU.Build.0 = Release|Any CPU
		{70C1E43F-F4D0-42E1-915A-2701D162C050}.Release|Win32.ActiveCfg = Release|Any CPU
		{63D15731-5E68-4799-93D6-64092E6988B1}.Debug|Any CPU.ActiveCfg = Debug|Any CPU
		{63D15731-5E68-4799-93D6-64092E6988B1}.Debug|Any CPU.Build.0 = Debug|Any CPU
		{63D15731-5E68-4799-93D6-64092E6988B1}.Debug|Win32.ActiveCfg = Debug|Any CPU
		{63D15731-5E68-4799-93D6-64092E6988B1}.Debug|Win32.Build.0 = Debug|Any CPU
		{63D15731-5E68-4799-93D6-64092E6988B1}.Release|Any CPU.ActiveCfg = Release|Any CPU
		{63D15731-5E68-4799-93D6-64092E6988B1}.Release|Any CPU.Build.0 = Release|Any CPU
		{63D15731-5E68-4799-93D6-64092E6988B1}.Release|Win32.ActiveCfg = Release|Any CPU
		{63D15731-5E68-4799-93D6-64092E6988B1}.Release|Win32.Build.0 = Release|Any CPU
		{75584615-FD8B-4746-8379-7CFF2D7E745B}.Debug|Any CPU.ActiveCfg = Debug|Any CPU
		{75584615-FD8B-4746-8379-7CFF2D7E745B}.Debug|Any CPU.Build.0 = Debug|Any CPU
		{75584615-FD8B-4746-8379-7CFF2D7E745B}.Debug|Win32.ActiveCfg = Debug|Any CPU
		{75584615-FD8B-4746-8379-7CFF2D7E745B}.Debug|Win32.Build.0 = Debug|Any CPU
		{75584615-FD8B-4746-8379-7CFF2D7E745B}.Release|Any CPU.ActiveCfg = Release|Any CPU
		{75584615-FD8B-4746-8379-7CFF2D7E745B}.Release|Any CPU.Build.0 = Release|Any CPU
		{75584615-FD8B-4746-8379-7CFF2D7E745B}.Release|Win32.ActiveCfg = Release|Any CPU
		{75584615-FD8B-4746-8379-7CFF2D7E745B}.Release|Win32.Build.0 = Release|Any CPU
		{C0D22336-C49E-4245-B39D-0B3083C28205}.Debug|Any CPU.ActiveCfg = Debug|Any CPU
		{C0D22336-C49E-4245-B39D-0B3083C28205}.Debug|Any CPU.Build.0 = Debug|Any CPU
		{C0D22336-C49E-4245-B39D-0B3083C28205}.Debug|Win32.ActiveCfg = Debug|Any CPU
		{C0D22336-C49E-4245-B39D-0B3083C28205}.Debug|Win32.Build.0 = Debug|Any CPU
		{C0D22336-C49E-4245-B39D-0B3083C28205}.Release|Any CPU.ActiveCfg = Release|Any CPU
		{C0D22336-C49E-4245-B39D-0B3083C28205}.Release|Any CPU.Build.0 = Release|Any CPU
		{C0D22336-C49E-4245-B39D-0B3083C28205}.Release|Win32.ActiveCfg = Release|Any CPU
		{C0D22336-C49E-4245-B39D-0B3083C28205}.Release|Win32.Build.0 = Release|Any CPU
		{6364051D-A683-4239-BBBE-88412A8F4E8B}.Debug|Any CPU.ActiveCfg = Debug|Any CPU
		{6364051D-A683-4239-BBBE-88412A8F4E8B}.Debug|Any CPU.Build.0 = Debug|Any CPU
		{6364051D-A683-4239-BBBE-88412A8F4E8B}.Debug|Win32.ActiveCfg = Debug|Any CPU
		{6364051D-A683-4239-BBBE-88412A8F4E8B}.Debug|Win32.Build.0 = Debug|Any CPU
		{6364051D-A683-4239-BBBE-88412A8F4E8B}.Release|Any CPU.ActiveCfg = Release|Any CPU
		{6364051D-A683-4239-BBBE-88412A8F4E8B}.Release|Any CPU.Build.0 = Release|Any CPU
		{6364051D-A683-4239-BBBE-88412A8F4E8B}.Release|Win32.ActiveCfg = Release|Any CPU
		{6364051D-A683-4239-BBBE-88412A8F4E8B}.Release|Win32.Build.0 = Release|Any CPU
		{9BAE7AB1-4508-45D0-91D4-9B12EEE53CD3}.Debug|Any CPU.ActiveCfg = Debug|Any CPU
		{9BAE7AB1-4508-45D0-91D4-9B12EEE53CD3}.Debug|Any CPU.Build.0 = Debug|Any CPU
		{9BAE7AB1-4508-45D0-91D4-9B12EEE53CD3}.Debug|Win32.ActiveCfg = Debug|Any CPU
		{9BAE7AB1-4508-45D0-91D4-9B12EEE53CD3}.Debug|Win32.Build.0 = Debug|Any CPU
		{9BAE7AB1-4508-45D0-91D4-9B12EEE53CD3}.Release|Any CPU.ActiveCfg = Release|Any CPU
		{9BAE7AB1-4508-45D0-91D4-9B12EEE53CD3}.Release|Any CPU.Build.0 = Release|Any CPU
		{9BAE7AB1-4508-45D0-91D4-9B12EEE53CD3}.Release|Win32.ActiveCfg = Release|Any CPU
		{9BAE7AB1-4508-45D0-91D4-9B12EEE53CD3}.Release|Win32.Build.0 = Release|Any CPU
		{0F26DFCE-11BA-4118-BE9A-E4C541D70F14}.Debug|Any CPU.ActiveCfg = Debug|Any CPU
		{0F26DFCE-11BA-4118-BE9A-E4C541D70F14}.Debug|Any CPU.Build.0 = Debug|Any CPU
		{0F26DFCE-11BA-4118-BE9A-E4C541D70F14}.Debug|Win32.ActiveCfg = Debug|Any CPU
		{0F26DFCE-11BA-4118-BE9A-E4C541D70F14}.Debug|Win32.Build.0 = Debug|Any CPU
		{0F26DFCE-11BA-4118-BE9A-E4C541D70F14}.Release|Any CPU.ActiveCfg = Release|Any CPU
		{0F26DFCE-11BA-4118-BE9A-E4C541D70F14}.Release|Any CPU.Build.0 = Release|Any CPU
		{0F26DFCE-11BA-4118-BE9A-E4C541D70F14}.Release|Win32.ActiveCfg = Release|Any CPU
		{0F26DFCE-11BA-4118-BE9A-E4C541D70F14}.Release|Win32.Build.0 = Release|Any CPU
		{96EBC938-B31C-464F-AEC5-DD5CC219ACE8}.Debug|Any CPU.ActiveCfg = Debug|Any CPU
		{96EBC938-B31C-464F-AEC5-DD5CC219ACE8}.Debug|Any CPU.Build.0 = Debug|Any CPU
		{96EBC938-B31C-464F-AEC5-DD5CC219ACE8}.Debug|Win32.ActiveCfg = Debug|Any CPU
		{96EBC938-B31C-464F-AEC5-DD5CC219ACE8}.Debug|Win32.Build.0 = Debug|Any CPU
		{96EBC938-B31C-464F-AEC5-DD5CC219ACE8}.Release|Any CPU.ActiveCfg = Release|Any CPU
		{96EBC938-B31C-464F-AEC5-DD5CC219ACE8}.Release|Any CPU.Build.0 = Release|Any CPU
		{96EBC938-B31C-464F-AEC5-DD5CC219ACE8}.Release|Win32.ActiveCfg = Release|Any CPU
		{96EBC938-B31C-464F-AEC5-DD5CC219ACE8}.Release|Win32.Build.0 = Release|Any CPU
		{A293F091-284B-4551-A1FC-43B250D81201}.Debug|Any CPU.ActiveCfg = Debug|Any CPU
		{A293F091-284B-4551-A1FC-43B250D81201}.Debug|Any CPU.Build.0 = Debug|Any CPU
		{A293F091-284B-4551-A1FC-43B250D81201}.Debug|Win32.ActiveCfg = Debug|Any CPU
		{A293F091-284B-4551-A1FC-43B250D81201}.Debug|Win32.Build.0 = Debug|Any CPU
		{A293F091-284B-4551-A1FC-43B250D81201}.Release|Any CPU.ActiveCfg = Release|Any CPU
		{A293F091-284B-4551-A1FC-43B250D81201}.Release|Any CPU.Build.0 = Release|Any CPU
		{A293F091-284B-4551-A1FC-43B250D81201}.Release|Win32.ActiveCfg = Release|Any CPU
		{A293F091-284B-4551-A1FC-43B250D81201}.Release|Win32.Build.0 = Release|Any CPU
		{C757100C-FB87-4F83-8C1D-F0CD9F8D8E99}.Debug|Any CPU.ActiveCfg = Debug|Any CPU
		{C757100C-FB87-4F83-8C1D-F0CD9F8D8E99}.Debug|Any CPU.Build.0 = Debug|Any CPU
		{C757100C-FB87-4F83-8C1D-F0CD9F8D8E99}.Debug|Win32.ActiveCfg = Debug|Any CPU
		{C757100C-FB87-4F83-8C1D-F0CD9F8D8E99}.Debug|Win32.Build.0 = Debug|Any CPU
		{C757100C-FB87-4F83-8C1D-F0CD9F8D8E99}.Release|Any CPU.ActiveCfg = Release|Any CPU
		{C757100C-FB87-4F83-8C1D-F0CD9F8D8E99}.Release|Any CPU.Build.0 = Release|Any CPU
		{C757100C-FB87-4F83-8C1D-F0CD9F8D8E99}.Release|Win32.ActiveCfg = Release|Any CPU
		{C757100C-FB87-4F83-8C1D-F0CD9F8D8E99}.Release|Win32.Build.0 = Release|Any CPU
		{91EA29B0-8DE7-49FB-BBFB-7A73F28987F4}.Debug|Any CPU.ActiveCfg = Debug|Any CPU
		{91EA29B0-8DE7-49FB-BBFB-7A73F28987F4}.Debug|Any CPU.Build.0 = Debug|Any CPU
		{91EA29B0-8DE7-49FB-BBFB-7A73F28987F4}.Debug|Win32.ActiveCfg = Debug|Any CPU
		{91EA29B0-8DE7-49FB-BBFB-7A73F28987F4}.Debug|Win32.Build.0 = Debug|Any CPU
		{91EA29B0-8DE7-49FB-BBFB-7A73F28987F4}.Release|Any CPU.ActiveCfg = Release|Any CPU
		{91EA29B0-8DE7-49FB-BBFB-7A73F28987F4}.Release|Any CPU.Build.0 = Release|Any CPU
		{91EA29B0-8DE7-49FB-BBFB-7A73F28987F4}.Release|Win32.ActiveCfg = Release|Any CPU
		{91EA29B0-8DE7-49FB-BBFB-7A73F28987F4}.Release|Win32.Build.0 = Release|Any CPU
		{63708BDC-9285-4F67-A1D8-237A5D77ABDD}.Debug|Any CPU.ActiveCfg = Debug|Any CPU
		{63708BDC-9285-4F67-A1D8-237A5D77ABDD}.Debug|Any CPU.Build.0 = Debug|Any CPU
		{63708BDC-9285-4F67-A1D8-237A5D77ABDD}.Debug|Win32.ActiveCfg = Debug|Any CPU
		{63708BDC-9285-4F67-A1D8-237A5D77ABDD}.Debug|Win32.Build.0 = Debug|Any CPU
		{63708BDC-9285-4F67-A1D8-237A5D77ABDD}.Release|Any CPU.ActiveCfg = Release|Any CPU
		{63708BDC-9285-4F67-A1D8-237A5D77ABDD}.Release|Any CPU.Build.0 = Release|Any CPU
		{63708BDC-9285-4F67-A1D8-237A5D77ABDD}.Release|Win32.ActiveCfg = Release|Any CPU
		{63708BDC-9285-4F67-A1D8-237A5D77ABDD}.Release|Win32.Build.0 = Release|Any CPU
		{EC828D56-8C88-49EF-9716-68B2663A7F81}.Debug|Any CPU.ActiveCfg = Debug|Any CPU
		{EC828D56-8C88-49EF-9716-68B2663A7F81}.Debug|Any CPU.Build.0 = Debug|Any CPU
		{EC828D56-8C88-49EF-9716-68B2663A7F81}.Debug|Win32.ActiveCfg = Debug|Any CPU
		{EC828D56-8C88-49EF-9716-68B2663A7F81}.Debug|Win32.Build.0 = Debug|Any CPU
		{EC828D56-8C88-49EF-9716-68B2663A7F81}.Release|Any CPU.ActiveCfg = Release|Any CPU
		{EC828D56-8C88-49EF-9716-68B2663A7F81}.Release|Any CPU.Build.0 = Release|Any CPU
		{EC828D56-8C88-49EF-9716-68B2663A7F81}.Release|Win32.ActiveCfg = Release|Any CPU
		{EC828D56-8C88-49EF-9716-68B2663A7F81}.Release|Win32.Build.0 = Release|Any CPU
		{290774D5-43FB-4F0C-AF75-5615A8370547}.Debug|Any CPU.ActiveCfg = Debug|Any CPU
		{290774D5-43FB-4F0C-AF75-5615A8370547}.Debug|Any CPU.Build.0 = Debug|Any CPU
		{290774D5-43FB-4F0C-AF75-5615A8370547}.Debug|Win32.ActiveCfg = Debug|Any CPU
		{290774D5-43FB-4F0C-AF75-5615A8370547}.Debug|Win32.Build.0 = Debug|Any CPU
		{290774D5-43FB-4F0C-AF75-5615A8370547}.Release|Any CPU.ActiveCfg = Release|Any CPU
		{290774D5-43FB-4F0C-AF75-5615A8370547}.Release|Any CPU.Build.0 = Release|Any CPU
		{290774D5-43FB-4F0C-AF75-5615A8370547}.Release|Win32.ActiveCfg = Release|Any CPU
		{290774D5-43FB-4F0C-AF75-5615A8370547}.Release|Win32.Build.0 = Release|Any CPU
		{2137109B-6ACF-43CC-834A-19064FD784B6}.Debug|Any CPU.ActiveCfg = Debug|Any CPU
		{2137109B-6ACF-43CC-834A-19064FD784B6}.Debug|Any CPU.Build.0 = Debug|Any CPU
		{2137109B-6ACF-43CC-834A-19064FD784B6}.Debug|Win32.ActiveCfg = Debug|Any CPU
		{2137109B-6ACF-43CC-834A-19064FD784B6}.Debug|Win32.Build.0 = Debug|Any CPU
		{2137109B-6ACF-43CC-834A-19064FD784B6}.Release|Any CPU.ActiveCfg = Release|Any CPU
		{2137109B-6ACF-43CC-834A-19064FD784B6}.Release|Any CPU.Build.0 = Release|Any CPU
		{2137109B-6ACF-43CC-834A-19064FD784B6}.Release|Win32.ActiveCfg = Release|Any CPU
		{2137109B-6ACF-43CC-834A-19064FD784B6}.Release|Win32.Build.0 = Release|Any CPU
		{9EECBF54-7B2D-4A41-BBDE-CBFBB344A142}.Debug|Any CPU.ActiveCfg = Debug|Any CPU
		{9EECBF54-7B2D-4A41-BBDE-CBFBB344A142}.Debug|Any CPU.Build.0 = Debug|Any CPU
		{9EECBF54-7B2D-4A41-BBDE-CBFBB344A142}.Debug|Win32.ActiveCfg = Debug|Any CPU
		{9EECBF54-7B2D-4A41-BBDE-CBFBB344A142}.Debug|Win32.Build.0 = Debug|Any CPU
		{9EECBF54-7B2D-4A41-BBDE-CBFBB344A142}.Release|Any CPU.ActiveCfg = Release|Any CPU
		{9EECBF54-7B2D-4A41-BBDE-CBFBB344A142}.Release|Any CPU.Build.0 = Release|Any CPU
		{9EECBF54-7B2D-4A41-BBDE-CBFBB344A142}.Release|Win32.ActiveCfg = Release|Any CPU
		{9EECBF54-7B2D-4A41-BBDE-CBFBB344A142}.Release|Win32.Build.0 = Release|Any CPU
		{3933BEAA-19AC-452E-A13A-B746E1EA6A8F}.Debug|Any CPU.ActiveCfg = Debug|Any CPU
		{3933BEAA-19AC-452E-A13A-B746E1EA6A8F}.Debug|Any CPU.Build.0 = Debug|Any CPU
		{3933BEAA-19AC-452E-A13A-B746E1EA6A8F}.Debug|Win32.ActiveCfg = Debug|Any CPU
		{3933BEAA-19AC-452E-A13A-B746E1EA6A8F}.Debug|Win32.Build.0 = Debug|Any CPU
		{3933BEAA-19AC-452E-A13A-B746E1EA6A8F}.Release|Any CPU.ActiveCfg = Release|Any CPU
		{3933BEAA-19AC-452E-A13A-B746E1EA6A8F}.Release|Any CPU.Build.0 = Release|Any CPU
		{3933BEAA-19AC-452E-A13A-B746E1EA6A8F}.Release|Win32.ActiveCfg = Release|Any CPU
		{3933BEAA-19AC-452E-A13A-B746E1EA6A8F}.Release|Win32.Build.0 = Release|Any CPU
		{84E0EC8E-E7F1-482C-83CF-86671A86EE04}.Debug|Any CPU.ActiveCfg = Debug|Any CPU
		{84E0EC8E-E7F1-482C-83CF-86671A86EE04}.Debug|Any CPU.Build.0 = Debug|Any CPU
		{84E0EC8E-E7F1-482C-83CF-86671A86EE04}.Debug|Win32.ActiveCfg = Debug|Any CPU
		{84E0EC8E-E7F1-482C-83CF-86671A86EE04}.Debug|Win32.Build.0 = Debug|Any CPU
		{84E0EC8E-E7F1-482C-83CF-86671A86EE04}.Release|Any CPU.ActiveCfg = Release|Any CPU
		{84E0EC8E-E7F1-482C-83CF-86671A86EE04}.Release|Any CPU.Build.0 = Release|Any CPU
		{84E0EC8E-E7F1-482C-83CF-86671A86EE04}.Release|Win32.ActiveCfg = Release|Any CPU
		{84E0EC8E-E7F1-482C-83CF-86671A86EE04}.Release|Win32.Build.0 = Release|Any CPU
		{5BC078FE-32D5-4C6D-A6F6-DE521BE63E36}.Debug|Any CPU.ActiveCfg = Debug|Any CPU
		{5BC078FE-32D5-4C6D-A6F6-DE521BE63E36}.Debug|Any CPU.Build.0 = Debug|Any CPU
		{5BC078FE-32D5-4C6D-A6F6-DE521BE63E36}.Debug|Win32.ActiveCfg = Debug|Any CPU
		{5BC078FE-32D5-4C6D-A6F6-DE521BE63E36}.Debug|Win32.Build.0 = Debug|Any CPU
		{5BC078FE-32D5-4C6D-A6F6-DE521BE63E36}.Release|Any CPU.ActiveCfg = Release|Any CPU
		{5BC078FE-32D5-4C6D-A6F6-DE521BE63E36}.Release|Any CPU.Build.0 = Release|Any CPU
		{5BC078FE-32D5-4C6D-A6F6-DE521BE63E36}.Release|Win32.ActiveCfg = Release|Any CPU
		{5BC078FE-32D5-4C6D-A6F6-DE521BE63E36}.Release|Win32.Build.0 = Release|Any CPU
		{CAF11DD4-060F-418E-A195-DA1A2EB281E8}.Debug|Any CPU.ActiveCfg = Debug|Any CPU
		{CAF11DD4-060F-418E-A195-DA1A2EB281E8}.Debug|Any CPU.Build.0 = Debug|Any CPU
		{CAF11DD4-060F-418E-A195-DA1A2EB281E8}.Debug|Win32.ActiveCfg = Debug|Any CPU
		{CAF11DD4-060F-418E-A195-DA1A2EB281E8}.Debug|Win32.Build.0 = Debug|Any CPU
		{CAF11DD4-060F-418E-A195-DA1A2EB281E8}.Release|Any CPU.ActiveCfg = Release|Any CPU
		{CAF11DD4-060F-418E-A195-DA1A2EB281E8}.Release|Any CPU.Build.0 = Release|Any CPU
		{CAF11DD4-060F-418E-A195-DA1A2EB281E8}.Release|Win32.ActiveCfg = Release|Any CPU
		{CAF11DD4-060F-418E-A195-DA1A2EB281E8}.Release|Win32.Build.0 = Release|Any CPU
	EndGlobalSection
	GlobalSection(SolutionProperties) = preSolution
		HideSolutionNode = FALSE
	EndGlobalSection
	GlobalSection(NestedProjects) = preSolution
		{5CBDA46B-B22C-474A-8B99-E2E855A8BCA8} = {1A90348B-9EF5-475B-83D8-9D4F385BA8B5}
		{C44CF322-7993-4451-A2F6-028C4ABCFD17} = {1A90348B-9EF5-475B-83D8-9D4F385BA8B5}
		{CD2F7E1F-6D1F-462A-92D5-5B07E8FD4533} = {02565A03-B570-401D-8796-F84DE193F194}
		{DB3F97C2-577A-4799-BA6B-31CA14F47CAD} = {02565A03-B570-401D-8796-F84DE193F194}
		{808DAED7-50DB-45A5-AB16-F5C2008DCABA} = {02565A03-B570-401D-8796-F84DE193F194}
		{F9DC88B2-839B-4A5A-A2A9-88C21EF71A86} = {558DE237-AC05-41A5-AA45-2084614D95D3}
		{A9644A39-B361-4675-9CF6-7F24DFC840E6} = {A1C92C0E-3504-4F85-BBF5-505F68630D91}
		{DEF6B954-981A-4B94-BED5-539D37A86B4E} = {A1C92C0E-3504-4F85-BBF5-505F68630D91}
		{846AD717-C4AD-459E-9524-84125454685A} = {A1C92C0E-3504-4F85-BBF5-505F68630D91}
		{5131F342-51E7-481A-A4F7-984A2C70397A} = {A1C92C0E-3504-4F85-BBF5-505F68630D91}
		{70C1E43F-F4D0-42E1-915A-2701D162C050} = {02565A03-B570-401D-8796-F84DE193F194}
		{63D15731-5E68-4799-93D6-64092E6988B1} = {02565A03-B570-401D-8796-F84DE193F194}
		{75584615-FD8B-4746-8379-7CFF2D7E745B} = {02565A03-B570-401D-8796-F84DE193F194}
		{C0D22336-C49E-4245-B39D-0B3083C28205} = {1A90348B-9EF5-475B-83D8-9D4F385BA8B5}
		{6364051D-A683-4239-BBBE-88412A8F4E8B} = {558DE237-AC05-41A5-AA45-2084614D95D3}
		{9BAE7AB1-4508-45D0-91D4-9B12EEE53CD3} = {1A90348B-9EF5-475B-83D8-9D4F385BA8B5}
		{0F26DFCE-11BA-4118-BE9A-E4C541D70F14} = {558DE237-AC05-41A5-AA45-2084614D95D3}
		{96EBC938-B31C-464F-AEC5-DD5CC219ACE8} = {558DE237-AC05-41A5-AA45-2084614D95D3}
		{A293F091-284B-4551-A1FC-43B250D81201} = {1A90348B-9EF5-475B-83D8-9D4F385BA8B5}
		{C757100C-FB87-4F83-8C1D-F0CD9F8D8E99} = {558DE237-AC05-41A5-AA45-2084614D95D3}
		{91EA29B0-8DE7-49FB-BBFB-7A73F28987F4} = {558DE237-AC05-41A5-AA45-2084614D95D3}
		{63708BDC-9285-4F67-A1D8-237A5D77ABDD} = {558DE237-AC05-41A5-AA45-2084614D95D3}
		{EC828D56-8C88-49EF-9716-68B2663A7F81} = {558DE237-AC05-41A5-AA45-2084614D95D3}
		{290774D5-43FB-4F0C-AF75-5615A8370547} = {1A90348B-9EF5-475B-83D8-9D4F385BA8B5}
		{2137109B-6ACF-43CC-834A-19064FD784B6} = {1A90348B-9EF5-475B-83D8-9D4F385BA8B5}
		{9EECBF54-7B2D-4A41-BBDE-CBFBB344A142} = {A1C92C0E-3504-4F85-BBF5-505F68630D91}
		{3933BEAA-19AC-452E-A13A-B746E1EA6A8F} = {A1C92C0E-3504-4F85-BBF5-505F68630D91}
		{84E0EC8E-E7F1-482C-83CF-86671A86EE04} = {1A90348B-9EF5-475B-83D8-9D4F385BA8B5}
		{5BC078FE-32D5-4C6D-A6F6-DE521BE63E36} = {558DE237-AC05-41A5-AA45-2084614D95D3}
		{CAF11DD4-060F-418E-A195-DA1A2EB281E8} = {558DE237-AC05-41A5-AA45-2084614D95D3}
	EndGlobalSection
EndGlobal
