
Microsoft Visual Studio Solution File, Format Version 12.00
# Visual Studio 14
VisualStudioVersion = 14.0.25123.0
MinimumVisualStudioVersion = 10.0.40219.1
Project("{FAE04EC0-301F-11D3-BF4B-00C04F79EFBC}") = "Akka.Interfaced", "core\Akka.Interfaced\Akka.Interfaced.csproj", "{5CBDA46B-B22C-474A-8B99-E2E855A8BCA8}"
EndProject
Project("{2150E333-8FDC-42A3-9474-1A3956D46DE8}") = "Core", "Core", "{1A90348B-9EF5-475B-83D8-9D4F385BA8B5}"
EndProject
Project("{2150E333-8FDC-42A3-9474-1A3956D46DE8}") = "Sample-Basic", "Sample-Basic", "{747611CE-C738-45D6-B3B3-58FAF056C251}"
EndProject
Project("{FAE04EC0-301F-11D3-BF4B-00C04F79EFBC}") = "Akka.Interfaced-SlimClient", "core\Akka.Interfaced-SlimClient\Akka.Interfaced-SlimClient.csproj", "{C6AC0DD2-3F9A-4A8B-B937-98F25CEB5D57}"
EndProject
Project("{FAE04EC0-301F-11D3-BF4B-00C04F79EFBC}") = "CodeGenerator", "core\CodeGenerator\CodeGenerator.csproj", "{C44CF322-7993-4451-A2F6-028C4ABCFD17}"
EndProject
Project("{FAE04EC0-301F-11D3-BF4B-00C04F79EFBC}") = "Basic.Interface", "samples\Basic\Interface\Basic.Interface.csproj", "{4EC63109-6CCC-4113-B072-6517D935FFFA}"
	ProjectSection(ProjectDependencies) = postProject
		{C44CF322-7993-4451-A2F6-028C4ABCFD17} = {C44CF322-7993-4451-A2F6-028C4ABCFD17}
	EndProjectSection
EndProject
Project("{FAE04EC0-301F-11D3-BF4B-00C04F79EFBC}") = "Basic.Program", "samples\Basic\Program\Basic.Program.csproj", "{3E04D2BF-DE54-4608-9E5D-98596F943AE2}"
	ProjectSection(ProjectDependencies) = postProject
		{290774D5-43FB-4F0C-AF75-5615A8370547} = {290774D5-43FB-4F0C-AF75-5615A8370547}
	EndProjectSection
EndProject
Project("{2150E333-8FDC-42A3-9474-1A3956D46DE8}") = "Sample-SlimHttp", "Sample-SlimHttp", "{02565A03-B570-401D-8796-F84DE193F194}"
EndProject
Project("{FAE04EC0-301F-11D3-BF4B-00C04F79EFBC}") = "SlimHttp.Interface.Server", "samples\SlimHttp\Interface.Server\SlimHttp.Interface.Server.csproj", "{CD2F7E1F-6D1F-462A-92D5-5B07E8FD4533}"
	ProjectSection(ProjectDependencies) = postProject
		{C44CF322-7993-4451-A2F6-028C4ABCFD17} = {C44CF322-7993-4451-A2F6-028C4ABCFD17}
	EndProjectSection
EndProject
Project("{FAE04EC0-301F-11D3-BF4B-00C04F79EFBC}") = "SlimHttp.Program.Client", "samples\SlimHttp\Program.Client\SlimHttp.Program.Client.csproj", "{DB3F97C2-577A-4799-BA6B-31CA14F47CAD}"
EndProject
Project("{FAE04EC0-301F-11D3-BF4B-00C04F79EFBC}") = "SlimHttp.Program.Server", "samples\SlimHttp\Program.Server\SlimHttp.Program.Server.csproj", "{808DAED7-50DB-45A5-AB16-F5C2008DCABA}"
EndProject
Project("{FAE04EC0-301F-11D3-BF4B-00C04F79EFBC}") = "Akka.Interfaced.ProtobufSerializer", "plugins\Akka.Interfaced.ProtobufSerializer\Akka.Interfaced.ProtobufSerializer.csproj", "{F9DC88B2-839B-4A5A-A2A9-88C21EF71A86}"
EndProject
Project("{2150E333-8FDC-42A3-9474-1A3956D46DE8}") = "Sample-HelloWorld", "Sample-HelloWorld", "{940B10A8-87B6-440E-A793-73AE47C68EA5}"
EndProject
Project("{FAE04EC0-301F-11D3-BF4B-00C04F79EFBC}") = "HelloWorld.Interface", "samples\HelloWorld\Interface\HelloWorld.Interface.csproj", "{A9644A39-B361-4675-9CF6-7F24DFC840E6}"
	ProjectSection(ProjectDependencies) = postProject
		{C44CF322-7993-4451-A2F6-028C4ABCFD17} = {C44CF322-7993-4451-A2F6-028C4ABCFD17}
	EndProjectSection
EndProject
Project("{FAE04EC0-301F-11D3-BF4B-00C04F79EFBC}") = "HelloWorld.Program", "samples\HelloWorld\Program\HelloWorld.Program.csproj", "{DEF6B954-981A-4B94-BED5-539D37A86B4E}"
	ProjectSection(ProjectDependencies) = postProject
		{290774D5-43FB-4F0C-AF75-5615A8370547} = {290774D5-43FB-4F0C-AF75-5615A8370547}
	EndProjectSection
EndProject
Project("{2150E333-8FDC-42A3-9474-1A3956D46DE8}") = "Sample-Protobuf", "Sample-Protobuf", "{68FB30CB-4812-4893-8CA1-D53C08AD06D7}"
EndProject
Project("{FAE04EC0-301F-11D3-BF4B-00C04F79EFBC}") = "Protobuf.Interface", "samples\Protobuf\Interface\Protobuf.Interface.csproj", "{846AD717-C4AD-459E-9524-84125454685A}"
	ProjectSection(ProjectDependencies) = postProject
		{C44CF322-7993-4451-A2F6-028C4ABCFD17} = {C44CF322-7993-4451-A2F6-028C4ABCFD17}
	EndProjectSection
EndProject
Project("{FAE04EC0-301F-11D3-BF4B-00C04F79EFBC}") = "Protobuf.Program", "samples\Protobuf\Program\Protobuf.Program.csproj", "{5131F342-51E7-481A-A4F7-984A2C70397A}"
EndProject
Project("{FAE04EC0-301F-11D3-BF4B-00C04F79EFBC}") = "SlimHttp.Interface.Client", "samples\SlimHttp\Interface.Client\SlimHttp.Interface.Client.csproj", "{70C1E43F-F4D0-42E1-915A-2701D162C050}"
	ProjectSection(ProjectDependencies) = postProject
		{C44CF322-7993-4451-A2F6-028C4ABCFD17} = {C44CF322-7993-4451-A2F6-028C4ABCFD17}
	EndProjectSection
EndProject
Project("{FAE04EC0-301F-11D3-BF4B-00C04F79EFBC}") = "SlimHttp.Interface.Client.Net35", "samples\SlimHttp\Interface.Client.Net35\SlimHttp.Interface.Client.Net35.csproj", "{63D15731-5E68-4799-93D6-64092E6988B1}"
	ProjectSection(ProjectDependencies) = postProject
		{C44CF322-7993-4451-A2F6-028C4ABCFD17} = {C44CF322-7993-4451-A2F6-028C4ABCFD17}
	EndProjectSection
EndProject
Project("{FAE04EC0-301F-11D3-BF4B-00C04F79EFBC}") = "SlimHttp.Program.Client.Net35", "samples\SlimHttp\Program.Client.Net35\SlimHttp.Program.Client.Net35.csproj", "{75584615-FD8B-4746-8379-7CFF2D7E745B}"
EndProject
Project("{2150E333-8FDC-42A3-9474-1A3956D46DE8}") = "Solution Items", "Solution Items", "{902CC4E5-A632-4462-B6D0-6EC5A63B9855}"
	ProjectSection(SolutionItems) = preProject
		NOTE.md = NOTE.md
		README.md = README.md
	EndProjectSection
EndProject
Project("{FAE04EC0-301F-11D3-BF4B-00C04F79EFBC}") = "Akka.Interfaced-Base", "core\Akka.Interfaced-Base\Akka.Interfaced-Base.csproj", "{C0D22336-C49E-4245-B39D-0B3083C28205}"
EndProject
Project("{FAE04EC0-301F-11D3-BF4B-00C04F79EFBC}") = "Akka.Interfaced.Tests.Interface", "core\Akka.Interfaced.Tests.Interface\Akka.Interfaced.Tests.Interface.csproj", "{C3C9C547-BDBB-47CA-80BC-F97D2E7B884C}"
	ProjectSection(ProjectDependencies) = postProject
		{C44CF322-7993-4451-A2F6-028C4ABCFD17} = {C44CF322-7993-4451-A2F6-028C4ABCFD17}
	EndProjectSection
EndProject
Project("{FAE04EC0-301F-11D3-BF4B-00C04F79EFBC}") = "Akka.Interfaced.ProtobufSerializer.Tests.Interface", "plugins\Akka.Interfaced.ProtobufSerializer.Tests.Interface\Akka.Interfaced.ProtobufSerializer.Tests.Interface.csproj", "{03B70640-BF43-466E-B893-4762433B5334}"
	ProjectSection(ProjectDependencies) = postProject
		{C44CF322-7993-4451-A2F6-028C4ABCFD17} = {C44CF322-7993-4451-A2F6-028C4ABCFD17}
	EndProjectSection
EndProject
Project("{FAE04EC0-301F-11D3-BF4B-00C04F79EFBC}") = "Akka.Interfaced.Persistence", "plugins\Akka.Interfaced.Persistence\Akka.Interfaced.Persistence.csproj", "{6364051D-A683-4239-BBBE-88412A8F4E8B}"
EndProject
Project("{FAE04EC0-301F-11D3-BF4B-00C04F79EFBC}") = "Akka.Interfaced.Persistence.Tests.Interface", "plugins\Akka.Interfaced.Persistence.Tests.Interface\Akka.Interfaced.Persistence.Tests.Interface.csproj", "{1C89A43F-0B79-4711-813E-BE0AAE442547}"
	ProjectSection(ProjectDependencies) = postProject
		{C44CF322-7993-4451-A2F6-028C4ABCFD17} = {C44CF322-7993-4451-A2F6-028C4ABCFD17}
	EndProjectSection
EndProject
Project("{FAE04EC0-301F-11D3-BF4B-00C04F79EFBC}") = "Akka.Interfaced-Base.Net35", "core\Akka.Interfaced-Base.Net35\Akka.Interfaced-Base.Net35.csproj", "{9BAE7AB1-4508-45D0-91D4-9B12EEE53CD3}"
EndProject
Project("{FAE04EC0-301F-11D3-BF4B-00C04F79EFBC}") = "Akka.Interfaced-SlimClient.Net35", "core\Akka.Interfaced-SlimClient.Net35\Akka.Interfaced-SlimClient.Net35.csproj", "{43DE773D-3E00-48ED-93FE-A0EDA5C105FB}"
EndProject
Project("{2150E333-8FDC-42A3-9474-1A3956D46DE8}") = "Plugins", "Plugins", "{558DE237-AC05-41A5-AA45-2084614D95D3}"
EndProject
Project("{FAE04EC0-301F-11D3-BF4B-00C04F79EFBC}") = "Akka.Interfaced.LogFilter", "plugins\Akka.Interfaced.LogFilter\Akka.Interfaced.LogFilter.csproj", "{0F26DFCE-11BA-4118-BE9A-E4C541D70F14}"
EndProject
Project("{FAE04EC0-301F-11D3-BF4B-00C04F79EFBC}") = "Akka.Interfaced.LogFilter.Tests.Interface", "plugins\Akka.Interfaced.LogFilter.Tests.Interface\Akka.Interfaced.LogFilter.Tests.Interface.csproj", "{F0A1DAD3-B055-4E79-8669-BE51E236F766}"
	ProjectSection(ProjectDependencies) = postProject
		{C44CF322-7993-4451-A2F6-028C4ABCFD17} = {C44CF322-7993-4451-A2F6-028C4ABCFD17}
	EndProjectSection
EndProject
Project("{FAE04EC0-301F-11D3-BF4B-00C04F79EFBC}") = "Akka.Interfaced.TestKit", "plugins\Akka.Interfaced.TestKit\Akka.Interfaced.TestKit.csproj", "{96EBC938-B31C-464F-AEC5-DD5CC219ACE8}"
EndProject
Project("{FAE04EC0-301F-11D3-BF4B-00C04F79EFBC}") = "Akka.Interfaced.TestKit.Tests.Interface", "plugins\Akka.Interfaced.TestKit.Tests.Interface\Akka.Interfaced.TestKit.Tests.Interface.csproj", "{DCE29943-0C20-4E76-9F1D-06DBE0FAAABD}"
	ProjectSection(ProjectDependencies) = postProject
		{C44CF322-7993-4451-A2F6-028C4ABCFD17} = {C44CF322-7993-4451-A2F6-028C4ABCFD17}
	EndProjectSection
EndProject
Project("{FAE04EC0-301F-11D3-BF4B-00C04F79EFBC}") = "Akka.Interfaced.Tests", "core\Akka.Interfaced.Tests\Akka.Interfaced.Tests.csproj", "{A293F091-284B-4551-A1FC-43B250D81201}"
EndProject
Project("{FAE04EC0-301F-11D3-BF4B-00C04F79EFBC}") = "Akka.Interfaced.LogFilter.Tests", "plugins\Akka.Interfaced.LogFilter.Tests\Akka.Interfaced.LogFilter.Tests.csproj", "{C757100C-FB87-4F83-8C1D-F0CD9F8D8E99}"
EndProject
Project("{FAE04EC0-301F-11D3-BF4B-00C04F79EFBC}") = "Akka.Interfaced.Persistence.Tests", "plugins\Akka.Interfaced.Persistence.Tests\Akka.Interfaced.Persistence.Tests.csproj", "{91EA29B0-8DE7-49FB-BBFB-7A73F28987F4}"
EndProject
Project("{FAE04EC0-301F-11D3-BF4B-00C04F79EFBC}") = "Akka.Interfaced.ProtobufSerializer.Tests", "plugins\Akka.Interfaced.ProtobufSerializer.Tests\Akka.Interfaced.ProtobufSerializer.Tests.csproj", "{63708BDC-9285-4F67-A1D8-237A5D77ABDD}"
EndProject
Project("{FAE04EC0-301F-11D3-BF4B-00C04F79EFBC}") = "Akka.Interfaced.TestKit.Tests", "plugins\Akka.Interfaced.TestKit.Tests\Akka.Interfaced.TestKit.Tests.csproj", "{EC828D56-8C88-49EF-9716-68B2663A7F81}"
EndProject
Project("{FAE04EC0-301F-11D3-BF4B-00C04F79EFBC}") = "CodeVerifier", "core\CodeVerifier\CodeVerifier.csproj", "{290774D5-43FB-4F0C-AF75-5615A8370547}"
EndProject
Project("{FAE04EC0-301F-11D3-BF4B-00C04F79EFBC}") = "CodeVerifier.Tests", "core\CodeVerifier.Tests\CodeVerifier.Tests.csproj", "{2137109B-6ACF-43CC-834A-19064FD784B6}"
EndProject
Project("{FAE04EC0-301F-11D3-BF4B-00C04F79EFBC}") = "Akka.Interfaced-SlimClient.Tests", "core\Akka.Interfaced-SlimClient.Tests\Akka.Interfaced-SlimClient.Tests.csproj", "{369AB21A-A234-4672-9B7F-E958A93531C0}"
EndProject
Project("{FAE04EC0-301F-11D3-BF4B-00C04F79EFBC}") = "Akka.Interfaced-SlimClient.Tests.Interface", "core\Akka.Interfaced-SlimClient.Tests.Interface\Akka.Interfaced-SlimClient.Tests.Interface.csproj", "{6F020F23-FC16-4567-99BB-10A06F20F9D6}"
	ProjectSection(ProjectDependencies) = postProject
		{C44CF322-7993-4451-A2F6-028C4ABCFD17} = {C44CF322-7993-4451-A2F6-028C4ABCFD17}
	EndProjectSection
EndProject
Global
	GlobalSection(SolutionConfigurationPlatforms) = preSolution
		Debug|Any CPU = Debug|Any CPU
		Debug|Mixed Platforms = Debug|Mixed Platforms
		Debug|Win32 = Debug|Win32
		Release|Any CPU = Release|Any CPU
		Release|Mixed Platforms = Release|Mixed Platforms
		Release|Win32 = Release|Win32
	EndGlobalSection
	GlobalSection(ProjectConfigurationPlatforms) = postSolution
		{5CBDA46B-B22C-474A-8B99-E2E855A8BCA8}.Debug|Any CPU.ActiveCfg = Debug|Any CPU
		{5CBDA46B-B22C-474A-8B99-E2E855A8BCA8}.Debug|Any CPU.Build.0 = Debug|Any CPU
		{5CBDA46B-B22C-474A-8B99-E2E855A8BCA8}.Debug|Mixed Platforms.ActiveCfg = Debug|Any CPU
		{5CBDA46B-B22C-474A-8B99-E2E855A8BCA8}.Debug|Mixed Platforms.Build.0 = Debug|Any CPU
		{5CBDA46B-B22C-474A-8B99-E2E855A8BCA8}.Debug|Win32.ActiveCfg = Debug|Any CPU
		{5CBDA46B-B22C-474A-8B99-E2E855A8BCA8}.Release|Any CPU.ActiveCfg = Release|Any CPU
		{5CBDA46B-B22C-474A-8B99-E2E855A8BCA8}.Release|Any CPU.Build.0 = Release|Any CPU
		{5CBDA46B-B22C-474A-8B99-E2E855A8BCA8}.Release|Mixed Platforms.ActiveCfg = Release|Any CPU
		{5CBDA46B-B22C-474A-8B99-E2E855A8BCA8}.Release|Mixed Platforms.Build.0 = Release|Any CPU
		{5CBDA46B-B22C-474A-8B99-E2E855A8BCA8}.Release|Win32.ActiveCfg = Release|Any CPU
		{C6AC0DD2-3F9A-4A8B-B937-98F25CEB5D57}.Debug|Any CPU.ActiveCfg = Debug|Any CPU
		{C6AC0DD2-3F9A-4A8B-B937-98F25CEB5D57}.Debug|Any CPU.Build.0 = Debug|Any CPU
		{C6AC0DD2-3F9A-4A8B-B937-98F25CEB5D57}.Debug|Mixed Platforms.ActiveCfg = Debug|Any CPU
		{C6AC0DD2-3F9A-4A8B-B937-98F25CEB5D57}.Debug|Mixed Platforms.Build.0 = Debug|Any CPU
		{C6AC0DD2-3F9A-4A8B-B937-98F25CEB5D57}.Debug|Win32.ActiveCfg = Debug|Any CPU
		{C6AC0DD2-3F9A-4A8B-B937-98F25CEB5D57}.Release|Any CPU.ActiveCfg = Release|Any CPU
		{C6AC0DD2-3F9A-4A8B-B937-98F25CEB5D57}.Release|Any CPU.Build.0 = Release|Any CPU
		{C6AC0DD2-3F9A-4A8B-B937-98F25CEB5D57}.Release|Mixed Platforms.ActiveCfg = Release|Any CPU
		{C6AC0DD2-3F9A-4A8B-B937-98F25CEB5D57}.Release|Mixed Platforms.Build.0 = Release|Any CPU
		{C6AC0DD2-3F9A-4A8B-B937-98F25CEB5D57}.Release|Win32.ActiveCfg = Release|Any CPU
		{C44CF322-7993-4451-A2F6-028C4ABCFD17}.Debug|Any CPU.ActiveCfg = Debug|Any CPU
		{C44CF322-7993-4451-A2F6-028C4ABCFD17}.Debug|Any CPU.Build.0 = Debug|Any CPU
		{C44CF322-7993-4451-A2F6-028C4ABCFD17}.Debug|Mixed Platforms.ActiveCfg = Debug|Any CPU
		{C44CF322-7993-4451-A2F6-028C4ABCFD17}.Debug|Mixed Platforms.Build.0 = Debug|Any CPU
		{C44CF322-7993-4451-A2F6-028C4ABCFD17}.Debug|Win32.ActiveCfg = Debug|Any CPU
		{C44CF322-7993-4451-A2F6-028C4ABCFD17}.Release|Any CPU.ActiveCfg = Release|Any CPU
		{C44CF322-7993-4451-A2F6-028C4ABCFD17}.Release|Any CPU.Build.0 = Release|Any CPU
		{C44CF322-7993-4451-A2F6-028C4ABCFD17}.Release|Mixed Platforms.ActiveCfg = Release|Any CPU
		{C44CF322-7993-4451-A2F6-028C4ABCFD17}.Release|Mixed Platforms.Build.0 = Release|Any CPU
		{C44CF322-7993-4451-A2F6-028C4ABCFD17}.Release|Win32.ActiveCfg = Release|Any CPU
		{4EC63109-6CCC-4113-B072-6517D935FFFA}.Debug|Any CPU.ActiveCfg = Debug|Any CPU
		{4EC63109-6CCC-4113-B072-6517D935FFFA}.Debug|Any CPU.Build.0 = Debug|Any CPU
		{4EC63109-6CCC-4113-B072-6517D935FFFA}.Debug|Mixed Platforms.ActiveCfg = Debug|Any CPU
		{4EC63109-6CCC-4113-B072-6517D935FFFA}.Debug|Mixed Platforms.Build.0 = Debug|Any CPU
		{4EC63109-6CCC-4113-B072-6517D935FFFA}.Debug|Win32.ActiveCfg = Debug|Any CPU
		{4EC63109-6CCC-4113-B072-6517D935FFFA}.Release|Any CPU.ActiveCfg = Release|Any CPU
		{4EC63109-6CCC-4113-B072-6517D935FFFA}.Release|Any CPU.Build.0 = Release|Any CPU
		{4EC63109-6CCC-4113-B072-6517D935FFFA}.Release|Mixed Platforms.ActiveCfg = Release|Any CPU
		{4EC63109-6CCC-4113-B072-6517D935FFFA}.Release|Mixed Platforms.Build.0 = Release|Any CPU
		{4EC63109-6CCC-4113-B072-6517D935FFFA}.Release|Win32.ActiveCfg = Release|Any CPU
		{3E04D2BF-DE54-4608-9E5D-98596F943AE2}.Debug|Any CPU.ActiveCfg = Debug|Any CPU
		{3E04D2BF-DE54-4608-9E5D-98596F943AE2}.Debug|Any CPU.Build.0 = Debug|Any CPU
		{3E04D2BF-DE54-4608-9E5D-98596F943AE2}.Debug|Mixed Platforms.ActiveCfg = Debug|Any CPU
		{3E04D2BF-DE54-4608-9E5D-98596F943AE2}.Debug|Mixed Platforms.Build.0 = Debug|Any CPU
		{3E04D2BF-DE54-4608-9E5D-98596F943AE2}.Debug|Win32.ActiveCfg = Debug|Any CPU
		{3E04D2BF-DE54-4608-9E5D-98596F943AE2}.Release|Any CPU.ActiveCfg = Release|Any CPU
		{3E04D2BF-DE54-4608-9E5D-98596F943AE2}.Release|Any CPU.Build.0 = Release|Any CPU
		{3E04D2BF-DE54-4608-9E5D-98596F943AE2}.Release|Mixed Platforms.ActiveCfg = Release|Any CPU
		{3E04D2BF-DE54-4608-9E5D-98596F943AE2}.Release|Mixed Platforms.Build.0 = Release|Any CPU
		{3E04D2BF-DE54-4608-9E5D-98596F943AE2}.Release|Win32.ActiveCfg = Release|Any CPU
		{CD2F7E1F-6D1F-462A-92D5-5B07E8FD4533}.Debug|Any CPU.ActiveCfg = Debug|Any CPU
		{CD2F7E1F-6D1F-462A-92D5-5B07E8FD4533}.Debug|Any CPU.Build.0 = Debug|Any CPU
		{CD2F7E1F-6D1F-462A-92D5-5B07E8FD4533}.Debug|Mixed Platforms.ActiveCfg = Debug|Any CPU
		{CD2F7E1F-6D1F-462A-92D5-5B07E8FD4533}.Debug|Mixed Platforms.Build.0 = Debug|Any CPU
		{CD2F7E1F-6D1F-462A-92D5-5B07E8FD4533}.Debug|Win32.ActiveCfg = Debug|Any CPU
		{CD2F7E1F-6D1F-462A-92D5-5B07E8FD4533}.Release|Any CPU.ActiveCfg = Release|Any CPU
		{CD2F7E1F-6D1F-462A-92D5-5B07E8FD4533}.Release|Any CPU.Build.0 = Release|Any CPU
		{CD2F7E1F-6D1F-462A-92D5-5B07E8FD4533}.Release|Mixed Platforms.ActiveCfg = Release|Any CPU
		{CD2F7E1F-6D1F-462A-92D5-5B07E8FD4533}.Release|Mixed Platforms.Build.0 = Release|Any CPU
		{CD2F7E1F-6D1F-462A-92D5-5B07E8FD4533}.Release|Win32.ActiveCfg = Release|Any CPU
		{DB3F97C2-577A-4799-BA6B-31CA14F47CAD}.Debug|Any CPU.ActiveCfg = Debug|Any CPU
		{DB3F97C2-577A-4799-BA6B-31CA14F47CAD}.Debug|Any CPU.Build.0 = Debug|Any CPU
		{DB3F97C2-577A-4799-BA6B-31CA14F47CAD}.Debug|Mixed Platforms.ActiveCfg = Debug|Any CPU
		{DB3F97C2-577A-4799-BA6B-31CA14F47CAD}.Debug|Mixed Platforms.Build.0 = Debug|Any CPU
		{DB3F97C2-577A-4799-BA6B-31CA14F47CAD}.Debug|Win32.ActiveCfg = Debug|Any CPU
		{DB3F97C2-577A-4799-BA6B-31CA14F47CAD}.Release|Any CPU.ActiveCfg = Release|Any CPU
		{DB3F97C2-577A-4799-BA6B-31CA14F47CAD}.Release|Any CPU.Build.0 = Release|Any CPU
		{DB3F97C2-577A-4799-BA6B-31CA14F47CAD}.Release|Mixed Platforms.ActiveCfg = Release|Any CPU
		{DB3F97C2-577A-4799-BA6B-31CA14F47CAD}.Release|Mixed Platforms.Build.0 = Release|Any CPU
		{DB3F97C2-577A-4799-BA6B-31CA14F47CAD}.Release|Win32.ActiveCfg = Release|Any CPU
		{808DAED7-50DB-45A5-AB16-F5C2008DCABA}.Debug|Any CPU.ActiveCfg = Debug|Any CPU
		{808DAED7-50DB-45A5-AB16-F5C2008DCABA}.Debug|Any CPU.Build.0 = Debug|Any CPU
		{808DAED7-50DB-45A5-AB16-F5C2008DCABA}.Debug|Mixed Platforms.ActiveCfg = Debug|Any CPU
		{808DAED7-50DB-45A5-AB16-F5C2008DCABA}.Debug|Mixed Platforms.Build.0 = Debug|Any CPU
		{808DAED7-50DB-45A5-AB16-F5C2008DCABA}.Debug|Win32.ActiveCfg = Debug|Any CPU
		{808DAED7-50DB-45A5-AB16-F5C2008DCABA}.Release|Any CPU.ActiveCfg = Release|Any CPU
		{808DAED7-50DB-45A5-AB16-F5C2008DCABA}.Release|Any CPU.Build.0 = Release|Any CPU
		{808DAED7-50DB-45A5-AB16-F5C2008DCABA}.Release|Mixed Platforms.ActiveCfg = Release|Any CPU
		{808DAED7-50DB-45A5-AB16-F5C2008DCABA}.Release|Mixed Platforms.Build.0 = Release|Any CPU
		{808DAED7-50DB-45A5-AB16-F5C2008DCABA}.Release|Win32.ActiveCfg = Release|Any CPU
		{F9DC88B2-839B-4A5A-A2A9-88C21EF71A86}.Debug|Any CPU.ActiveCfg = Debug|Any CPU
		{F9DC88B2-839B-4A5A-A2A9-88C21EF71A86}.Debug|Any CPU.Build.0 = Debug|Any CPU
		{F9DC88B2-839B-4A5A-A2A9-88C21EF71A86}.Debug|Mixed Platforms.ActiveCfg = Debug|Any CPU
		{F9DC88B2-839B-4A5A-A2A9-88C21EF71A86}.Debug|Mixed Platforms.Build.0 = Debug|Any CPU
		{F9DC88B2-839B-4A5A-A2A9-88C21EF71A86}.Debug|Win32.ActiveCfg = Debug|Any CPU
		{F9DC88B2-839B-4A5A-A2A9-88C21EF71A86}.Release|Any CPU.ActiveCfg = Release|Any CPU
		{F9DC88B2-839B-4A5A-A2A9-88C21EF71A86}.Release|Any CPU.Build.0 = Release|Any CPU
		{F9DC88B2-839B-4A5A-A2A9-88C21EF71A86}.Release|Mixed Platforms.ActiveCfg = Release|Any CPU
		{F9DC88B2-839B-4A5A-A2A9-88C21EF71A86}.Release|Mixed Platforms.Build.0 = Release|Any CPU
		{F9DC88B2-839B-4A5A-A2A9-88C21EF71A86}.Release|Win32.ActiveCfg = Release|Any CPU
		{A9644A39-B361-4675-9CF6-7F24DFC840E6}.Debug|Any CPU.ActiveCfg = Debug|Any CPU
		{A9644A39-B361-4675-9CF6-7F24DFC840E6}.Debug|Any CPU.Build.0 = Debug|Any CPU
		{A9644A39-B361-4675-9CF6-7F24DFC840E6}.Debug|Mixed Platforms.ActiveCfg = Debug|Any CPU
		{A9644A39-B361-4675-9CF6-7F24DFC840E6}.Debug|Mixed Platforms.Build.0 = Debug|Any CPU
		{A9644A39-B361-4675-9CF6-7F24DFC840E6}.Debug|Win32.ActiveCfg = Debug|Any CPU
		{A9644A39-B361-4675-9CF6-7F24DFC840E6}.Release|Any CPU.ActiveCfg = Release|Any CPU
		{A9644A39-B361-4675-9CF6-7F24DFC840E6}.Release|Any CPU.Build.0 = Release|Any CPU
		{A9644A39-B361-4675-9CF6-7F24DFC840E6}.Release|Mixed Platforms.ActiveCfg = Release|Any CPU
		{A9644A39-B361-4675-9CF6-7F24DFC840E6}.Release|Mixed Platforms.Build.0 = Release|Any CPU
		{A9644A39-B361-4675-9CF6-7F24DFC840E6}.Release|Win32.ActiveCfg = Release|Any CPU
		{DEF6B954-981A-4B94-BED5-539D37A86B4E}.Debug|Any CPU.ActiveCfg = Debug|Any CPU
		{DEF6B954-981A-4B94-BED5-539D37A86B4E}.Debug|Any CPU.Build.0 = Debug|Any CPU
		{DEF6B954-981A-4B94-BED5-539D37A86B4E}.Debug|Mixed Platforms.ActiveCfg = Debug|Any CPU
		{DEF6B954-981A-4B94-BED5-539D37A86B4E}.Debug|Mixed Platforms.Build.0 = Debug|Any CPU
		{DEF6B954-981A-4B94-BED5-539D37A86B4E}.Debug|Win32.ActiveCfg = Debug|Any CPU
		{DEF6B954-981A-4B94-BED5-539D37A86B4E}.Release|Any CPU.ActiveCfg = Release|Any CPU
		{DEF6B954-981A-4B94-BED5-539D37A86B4E}.Release|Any CPU.Build.0 = Release|Any CPU
		{DEF6B954-981A-4B94-BED5-539D37A86B4E}.Release|Mixed Platforms.ActiveCfg = Release|Any CPU
		{DEF6B954-981A-4B94-BED5-539D37A86B4E}.Release|Mixed Platforms.Build.0 = Release|Any CPU
		{DEF6B954-981A-4B94-BED5-539D37A86B4E}.Release|Win32.ActiveCfg = Release|Any CPU
		{846AD717-C4AD-459E-9524-84125454685A}.Debug|Any CPU.ActiveCfg = Debug|Any CPU
		{846AD717-C4AD-459E-9524-84125454685A}.Debug|Any CPU.Build.0 = Debug|Any CPU
		{846AD717-C4AD-459E-9524-84125454685A}.Debug|Mixed Platforms.ActiveCfg = Debug|Any CPU
		{846AD717-C4AD-459E-9524-84125454685A}.Debug|Mixed Platforms.Build.0 = Debug|Any CPU
		{846AD717-C4AD-459E-9524-84125454685A}.Debug|Win32.ActiveCfg = Debug|Any CPU
		{846AD717-C4AD-459E-9524-84125454685A}.Release|Any CPU.ActiveCfg = Release|Any CPU
		{846AD717-C4AD-459E-9524-84125454685A}.Release|Any CPU.Build.0 = Release|Any CPU
		{846AD717-C4AD-459E-9524-84125454685A}.Release|Mixed Platforms.ActiveCfg = Release|Any CPU
		{846AD717-C4AD-459E-9524-84125454685A}.Release|Mixed Platforms.Build.0 = Release|Any CPU
		{846AD717-C4AD-459E-9524-84125454685A}.Release|Win32.ActiveCfg = Release|Any CPU
		{5131F342-51E7-481A-A4F7-984A2C70397A}.Debug|Any CPU.ActiveCfg = Debug|Any CPU
		{5131F342-51E7-481A-A4F7-984A2C70397A}.Debug|Any CPU.Build.0 = Debug|Any CPU
		{5131F342-51E7-481A-A4F7-984A2C70397A}.Debug|Mixed Platforms.ActiveCfg = Debug|Any CPU
		{5131F342-51E7-481A-A4F7-984A2C70397A}.Debug|Mixed Platforms.Build.0 = Debug|Any CPU
		{5131F342-51E7-481A-A4F7-984A2C70397A}.Debug|Win32.ActiveCfg = Debug|Any CPU
		{5131F342-51E7-481A-A4F7-984A2C70397A}.Release|Any CPU.ActiveCfg = Release|Any CPU
		{5131F342-51E7-481A-A4F7-984A2C70397A}.Release|Any CPU.Build.0 = Release|Any CPU
		{5131F342-51E7-481A-A4F7-984A2C70397A}.Release|Mixed Platforms.ActiveCfg = Release|Any CPU
		{5131F342-51E7-481A-A4F7-984A2C70397A}.Release|Mixed Platforms.Build.0 = Release|Any CPU
		{5131F342-51E7-481A-A4F7-984A2C70397A}.Release|Win32.ActiveCfg = Release|Any CPU
		{70C1E43F-F4D0-42E1-915A-2701D162C050}.Debug|Any CPU.ActiveCfg = Debug|Any CPU
		{70C1E43F-F4D0-42E1-915A-2701D162C050}.Debug|Any CPU.Build.0 = Debug|Any CPU
		{70C1E43F-F4D0-42E1-915A-2701D162C050}.Debug|Mixed Platforms.ActiveCfg = Debug|Any CPU
		{70C1E43F-F4D0-42E1-915A-2701D162C050}.Debug|Mixed Platforms.Build.0 = Debug|Any CPU
		{70C1E43F-F4D0-42E1-915A-2701D162C050}.Debug|Win32.ActiveCfg = Debug|Any CPU
		{70C1E43F-F4D0-42E1-915A-2701D162C050}.Release|Any CPU.ActiveCfg = Release|Any CPU
		{70C1E43F-F4D0-42E1-915A-2701D162C050}.Release|Any CPU.Build.0 = Release|Any CPU
		{70C1E43F-F4D0-42E1-915A-2701D162C050}.Release|Mixed Platforms.ActiveCfg = Release|Any CPU
		{70C1E43F-F4D0-42E1-915A-2701D162C050}.Release|Mixed Platforms.Build.0 = Release|Any CPU
		{70C1E43F-F4D0-42E1-915A-2701D162C050}.Release|Win32.ActiveCfg = Release|Any CPU
		{63D15731-5E68-4799-93D6-64092E6988B1}.Debug|Any CPU.ActiveCfg = Debug|Any CPU
		{63D15731-5E68-4799-93D6-64092E6988B1}.Debug|Any CPU.Build.0 = Debug|Any CPU
		{63D15731-5E68-4799-93D6-64092E6988B1}.Debug|Mixed Platforms.ActiveCfg = Debug|Any CPU
		{63D15731-5E68-4799-93D6-64092E6988B1}.Debug|Mixed Platforms.Build.0 = Debug|Any CPU
		{63D15731-5E68-4799-93D6-64092E6988B1}.Debug|Win32.ActiveCfg = Debug|Any CPU
		{63D15731-5E68-4799-93D6-64092E6988B1}.Debug|Win32.Build.0 = Debug|Any CPU
		{63D15731-5E68-4799-93D6-64092E6988B1}.Release|Any CPU.ActiveCfg = Release|Any CPU
		{63D15731-5E68-4799-93D6-64092E6988B1}.Release|Any CPU.Build.0 = Release|Any CPU
		{63D15731-5E68-4799-93D6-64092E6988B1}.Release|Mixed Platforms.ActiveCfg = Release|Any CPU
		{63D15731-5E68-4799-93D6-64092E6988B1}.Release|Mixed Platforms.Build.0 = Release|Any CPU
		{63D15731-5E68-4799-93D6-64092E6988B1}.Release|Win32.ActiveCfg = Release|Any CPU
		{63D15731-5E68-4799-93D6-64092E6988B1}.Release|Win32.Build.0 = Release|Any CPU
		{75584615-FD8B-4746-8379-7CFF2D7E745B}.Debug|Any CPU.ActiveCfg = Debug|Any CPU
		{75584615-FD8B-4746-8379-7CFF2D7E745B}.Debug|Any CPU.Build.0 = Debug|Any CPU
		{75584615-FD8B-4746-8379-7CFF2D7E745B}.Debug|Mixed Platforms.ActiveCfg = Debug|Any CPU
		{75584615-FD8B-4746-8379-7CFF2D7E745B}.Debug|Mixed Platforms.Build.0 = Debug|Any CPU
		{75584615-FD8B-4746-8379-7CFF2D7E745B}.Debug|Win32.ActiveCfg = Debug|Any CPU
		{75584615-FD8B-4746-8379-7CFF2D7E745B}.Debug|Win32.Build.0 = Debug|Any CPU
		{75584615-FD8B-4746-8379-7CFF2D7E745B}.Release|Any CPU.ActiveCfg = Release|Any CPU
		{75584615-FD8B-4746-8379-7CFF2D7E745B}.Release|Any CPU.Build.0 = Release|Any CPU
		{75584615-FD8B-4746-8379-7CFF2D7E745B}.Release|Mixed Platforms.ActiveCfg = Release|Any CPU
		{75584615-FD8B-4746-8379-7CFF2D7E745B}.Release|Mixed Platforms.Build.0 = Release|Any CPU
		{75584615-FD8B-4746-8379-7CFF2D7E745B}.Release|Win32.ActiveCfg = Release|Any CPU
		{75584615-FD8B-4746-8379-7CFF2D7E745B}.Release|Win32.Build.0 = Release|Any CPU
		{C0D22336-C49E-4245-B39D-0B3083C28205}.Debug|Any CPU.ActiveCfg = Debug|Any CPU
		{C0D22336-C49E-4245-B39D-0B3083C28205}.Debug|Any CPU.Build.0 = Debug|Any CPU
		{C0D22336-C49E-4245-B39D-0B3083C28205}.Debug|Mixed Platforms.ActiveCfg = Debug|Any CPU
		{C0D22336-C49E-4245-B39D-0B3083C28205}.Debug|Mixed Platforms.Build.0 = Debug|Any CPU
		{C0D22336-C49E-4245-B39D-0B3083C28205}.Debug|Win32.ActiveCfg = Debug|Any CPU
		{C0D22336-C49E-4245-B39D-0B3083C28205}.Debug|Win32.Build.0 = Debug|Any CPU
		{C0D22336-C49E-4245-B39D-0B3083C28205}.Release|Any CPU.ActiveCfg = Release|Any CPU
		{C0D22336-C49E-4245-B39D-0B3083C28205}.Release|Any CPU.Build.0 = Release|Any CPU
		{C0D22336-C49E-4245-B39D-0B3083C28205}.Release|Mixed Platforms.ActiveCfg = Release|Any CPU
		{C0D22336-C49E-4245-B39D-0B3083C28205}.Release|Mixed Platforms.Build.0 = Release|Any CPU
		{C0D22336-C49E-4245-B39D-0B3083C28205}.Release|Win32.ActiveCfg = Release|Any CPU
		{C0D22336-C49E-4245-B39D-0B3083C28205}.Release|Win32.Build.0 = Release|Any CPU
		{C3C9C547-BDBB-47CA-80BC-F97D2E7B884C}.Debug|Any CPU.ActiveCfg = Debug|Any CPU
		{C3C9C547-BDBB-47CA-80BC-F97D2E7B884C}.Debug|Any CPU.Build.0 = Debug|Any CPU
		{C3C9C547-BDBB-47CA-80BC-F97D2E7B884C}.Debug|Mixed Platforms.ActiveCfg = Debug|Any CPU
		{C3C9C547-BDBB-47CA-80BC-F97D2E7B884C}.Debug|Mixed Platforms.Build.0 = Debug|Any CPU
		{C3C9C547-BDBB-47CA-80BC-F97D2E7B884C}.Debug|Win32.ActiveCfg = Debug|Any CPU
		{C3C9C547-BDBB-47CA-80BC-F97D2E7B884C}.Debug|Win32.Build.0 = Debug|Any CPU
		{C3C9C547-BDBB-47CA-80BC-F97D2E7B884C}.Release|Any CPU.ActiveCfg = Release|Any CPU
		{C3C9C547-BDBB-47CA-80BC-F97D2E7B884C}.Release|Any CPU.Build.0 = Release|Any CPU
		{C3C9C547-BDBB-47CA-80BC-F97D2E7B884C}.Release|Mixed Platforms.ActiveCfg = Release|Any CPU
		{C3C9C547-BDBB-47CA-80BC-F97D2E7B884C}.Release|Mixed Platforms.Build.0 = Release|Any CPU
		{C3C9C547-BDBB-47CA-80BC-F97D2E7B884C}.Release|Win32.ActiveCfg = Release|Any CPU
		{C3C9C547-BDBB-47CA-80BC-F97D2E7B884C}.Release|Win32.Build.0 = Release|Any CPU
		{03B70640-BF43-466E-B893-4762433B5334}.Debug|Any CPU.ActiveCfg = Debug|Any CPU
		{03B70640-BF43-466E-B893-4762433B5334}.Debug|Any CPU.Build.0 = Debug|Any CPU
		{03B70640-BF43-466E-B893-4762433B5334}.Debug|Mixed Platforms.ActiveCfg = Debug|Any CPU
		{03B70640-BF43-466E-B893-4762433B5334}.Debug|Mixed Platforms.Build.0 = Debug|Any CPU
		{03B70640-BF43-466E-B893-4762433B5334}.Debug|Win32.ActiveCfg = Debug|Any CPU
		{03B70640-BF43-466E-B893-4762433B5334}.Debug|Win32.Build.0 = Debug|Any CPU
		{03B70640-BF43-466E-B893-4762433B5334}.Release|Any CPU.ActiveCfg = Release|Any CPU
		{03B70640-BF43-466E-B893-4762433B5334}.Release|Any CPU.Build.0 = Release|Any CPU
		{03B70640-BF43-466E-B893-4762433B5334}.Release|Mixed Platforms.ActiveCfg = Release|Any CPU
		{03B70640-BF43-466E-B893-4762433B5334}.Release|Mixed Platforms.Build.0 = Release|Any CPU
		{03B70640-BF43-466E-B893-4762433B5334}.Release|Win32.ActiveCfg = Release|Any CPU
		{03B70640-BF43-466E-B893-4762433B5334}.Release|Win32.Build.0 = Release|Any CPU
		{6364051D-A683-4239-BBBE-88412A8F4E8B}.Debug|Any CPU.ActiveCfg = Debug|Any CPU
		{6364051D-A683-4239-BBBE-88412A8F4E8B}.Debug|Any CPU.Build.0 = Debug|Any CPU
		{6364051D-A683-4239-BBBE-88412A8F4E8B}.Debug|Mixed Platforms.ActiveCfg = Debug|Any CPU
		{6364051D-A683-4239-BBBE-88412A8F4E8B}.Debug|Mixed Platforms.Build.0 = Debug|Any CPU
		{6364051D-A683-4239-BBBE-88412A8F4E8B}.Debug|Win32.ActiveCfg = Debug|Any CPU
		{6364051D-A683-4239-BBBE-88412A8F4E8B}.Debug|Win32.Build.0 = Debug|Any CPU
		{6364051D-A683-4239-BBBE-88412A8F4E8B}.Release|Any CPU.ActiveCfg = Release|Any CPU
		{6364051D-A683-4239-BBBE-88412A8F4E8B}.Release|Any CPU.Build.0 = Release|Any CPU
		{6364051D-A683-4239-BBBE-88412A8F4E8B}.Release|Mixed Platforms.ActiveCfg = Release|Any CPU
		{6364051D-A683-4239-BBBE-88412A8F4E8B}.Release|Mixed Platforms.Build.0 = Release|Any CPU
		{6364051D-A683-4239-BBBE-88412A8F4E8B}.Release|Win32.ActiveCfg = Release|Any CPU
		{6364051D-A683-4239-BBBE-88412A8F4E8B}.Release|Win32.Build.0 = Release|Any CPU
		{1C89A43F-0B79-4711-813E-BE0AAE442547}.Debug|Any CPU.ActiveCfg = Debug|Any CPU
		{1C89A43F-0B79-4711-813E-BE0AAE442547}.Debug|Any CPU.Build.0 = Debug|Any CPU
		{1C89A43F-0B79-4711-813E-BE0AAE442547}.Debug|Mixed Platforms.ActiveCfg = Debug|Any CPU
		{1C89A43F-0B79-4711-813E-BE0AAE442547}.Debug|Mixed Platforms.Build.0 = Debug|Any CPU
		{1C89A43F-0B79-4711-813E-BE0AAE442547}.Debug|Win32.ActiveCfg = Debug|Any CPU
		{1C89A43F-0B79-4711-813E-BE0AAE442547}.Debug|Win32.Build.0 = Debug|Any CPU
		{1C89A43F-0B79-4711-813E-BE0AAE442547}.Release|Any CPU.ActiveCfg = Release|Any CPU
		{1C89A43F-0B79-4711-813E-BE0AAE442547}.Release|Any CPU.Build.0 = Release|Any CPU
		{1C89A43F-0B79-4711-813E-BE0AAE442547}.Release|Mixed Platforms.ActiveCfg = Release|Any CPU
		{1C89A43F-0B79-4711-813E-BE0AAE442547}.Release|Mixed Platforms.Build.0 = Release|Any CPU
		{1C89A43F-0B79-4711-813E-BE0AAE442547}.Release|Win32.ActiveCfg = Release|Any CPU
		{1C89A43F-0B79-4711-813E-BE0AAE442547}.Release|Win32.Build.0 = Release|Any CPU
		{9BAE7AB1-4508-45D0-91D4-9B12EEE53CD3}.Debug|Any CPU.ActiveCfg = Debug|Any CPU
		{9BAE7AB1-4508-45D0-91D4-9B12EEE53CD3}.Debug|Any CPU.Build.0 = Debug|Any CPU
		{9BAE7AB1-4508-45D0-91D4-9B12EEE53CD3}.Debug|Mixed Platforms.ActiveCfg = Debug|Any CPU
		{9BAE7AB1-4508-45D0-91D4-9B12EEE53CD3}.Debug|Mixed Platforms.Build.0 = Debug|Any CPU
		{9BAE7AB1-4508-45D0-91D4-9B12EEE53CD3}.Debug|Win32.ActiveCfg = Debug|Any CPU
		{9BAE7AB1-4508-45D0-91D4-9B12EEE53CD3}.Debug|Win32.Build.0 = Debug|Any CPU
		{9BAE7AB1-4508-45D0-91D4-9B12EEE53CD3}.Release|Any CPU.ActiveCfg = Release|Any CPU
		{9BAE7AB1-4508-45D0-91D4-9B12EEE53CD3}.Release|Any CPU.Build.0 = Release|Any CPU
		{9BAE7AB1-4508-45D0-91D4-9B12EEE53CD3}.Release|Mixed Platforms.ActiveCfg = Release|Any CPU
		{9BAE7AB1-4508-45D0-91D4-9B12EEE53CD3}.Release|Mixed Platforms.Build.0 = Release|Any CPU
		{9BAE7AB1-4508-45D0-91D4-9B12EEE53CD3}.Release|Win32.ActiveCfg = Release|Any CPU
		{9BAE7AB1-4508-45D0-91D4-9B12EEE53CD3}.Release|Win32.Build.0 = Release|Any CPU
		{43DE773D-3E00-48ED-93FE-A0EDA5C105FB}.Debug|Any CPU.ActiveCfg = Debug|Any CPU
		{43DE773D-3E00-48ED-93FE-A0EDA5C105FB}.Debug|Any CPU.Build.0 = Debug|Any CPU
		{43DE773D-3E00-48ED-93FE-A0EDA5C105FB}.Debug|Mixed Platforms.ActiveCfg = Debug|Any CPU
		{43DE773D-3E00-48ED-93FE-A0EDA5C105FB}.Debug|Mixed Platforms.Build.0 = Debug|Any CPU
		{43DE773D-3E00-48ED-93FE-A0EDA5C105FB}.Debug|Win32.ActiveCfg = Debug|Any CPU
		{43DE773D-3E00-48ED-93FE-A0EDA5C105FB}.Debug|Win32.Build.0 = Debug|Any CPU
		{43DE773D-3E00-48ED-93FE-A0EDA5C105FB}.Release|Any CPU.ActiveCfg = Release|Any CPU
		{43DE773D-3E00-48ED-93FE-A0EDA5C105FB}.Release|Any CPU.Build.0 = Release|Any CPU
		{43DE773D-3E00-48ED-93FE-A0EDA5C105FB}.Release|Mixed Platforms.ActiveCfg = Release|Any CPU
		{43DE773D-3E00-48ED-93FE-A0EDA5C105FB}.Release|Mixed Platforms.Build.0 = Release|Any CPU
		{43DE773D-3E00-48ED-93FE-A0EDA5C105FB}.Release|Win32.ActiveCfg = Release|Any CPU
		{43DE773D-3E00-48ED-93FE-A0EDA5C105FB}.Release|Win32.Build.0 = Release|Any CPU
		{0F26DFCE-11BA-4118-BE9A-E4C541D70F14}.Debug|Any CPU.ActiveCfg = Debug|Any CPU
		{0F26DFCE-11BA-4118-BE9A-E4C541D70F14}.Debug|Any CPU.Build.0 = Debug|Any CPU
		{0F26DFCE-11BA-4118-BE9A-E4C541D70F14}.Debug|Mixed Platforms.ActiveCfg = Debug|Any CPU
		{0F26DFCE-11BA-4118-BE9A-E4C541D70F14}.Debug|Mixed Platforms.Build.0 = Debug|Any CPU
		{0F26DFCE-11BA-4118-BE9A-E4C541D70F14}.Debug|Win32.ActiveCfg = Debug|Any CPU
		{0F26DFCE-11BA-4118-BE9A-E4C541D70F14}.Debug|Win32.Build.0 = Debug|Any CPU
		{0F26DFCE-11BA-4118-BE9A-E4C541D70F14}.Release|Any CPU.ActiveCfg = Release|Any CPU
		{0F26DFCE-11BA-4118-BE9A-E4C541D70F14}.Release|Any CPU.Build.0 = Release|Any CPU
		{0F26DFCE-11BA-4118-BE9A-E4C541D70F14}.Release|Mixed Platforms.ActiveCfg = Release|Any CPU
		{0F26DFCE-11BA-4118-BE9A-E4C541D70F14}.Release|Mixed Platforms.Build.0 = Release|Any CPU
		{0F26DFCE-11BA-4118-BE9A-E4C541D70F14}.Release|Win32.ActiveCfg = Release|Any CPU
		{0F26DFCE-11BA-4118-BE9A-E4C541D70F14}.Release|Win32.Build.0 = Release|Any CPU
		{F0A1DAD3-B055-4E79-8669-BE51E236F766}.Debug|Any CPU.ActiveCfg = Debug|Any CPU
		{F0A1DAD3-B055-4E79-8669-BE51E236F766}.Debug|Any CPU.Build.0 = Debug|Any CPU
		{F0A1DAD3-B055-4E79-8669-BE51E236F766}.Debug|Mixed Platforms.ActiveCfg = Debug|Any CPU
		{F0A1DAD3-B055-4E79-8669-BE51E236F766}.Debug|Mixed Platforms.Build.0 = Debug|Any CPU
		{F0A1DAD3-B055-4E79-8669-BE51E236F766}.Debug|Win32.ActiveCfg = Debug|Any CPU
		{F0A1DAD3-B055-4E79-8669-BE51E236F766}.Debug|Win32.Build.0 = Debug|Any CPU
		{F0A1DAD3-B055-4E79-8669-BE51E236F766}.Release|Any CPU.ActiveCfg = Release|Any CPU
		{F0A1DAD3-B055-4E79-8669-BE51E236F766}.Release|Any CPU.Build.0 = Release|Any CPU
		{F0A1DAD3-B055-4E79-8669-BE51E236F766}.Release|Mixed Platforms.ActiveCfg = Release|Any CPU
		{F0A1DAD3-B055-4E79-8669-BE51E236F766}.Release|Mixed Platforms.Build.0 = Release|Any CPU
		{F0A1DAD3-B055-4E79-8669-BE51E236F766}.Release|Win32.ActiveCfg = Release|Any CPU
		{F0A1DAD3-B055-4E79-8669-BE51E236F766}.Release|Win32.Build.0 = Release|Any CPU
		{96EBC938-B31C-464F-AEC5-DD5CC219ACE8}.Debug|Any CPU.ActiveCfg = Debug|Any CPU
		{96EBC938-B31C-464F-AEC5-DD5CC219ACE8}.Debug|Any CPU.Build.0 = Debug|Any CPU
		{96EBC938-B31C-464F-AEC5-DD5CC219ACE8}.Debug|Mixed Platforms.ActiveCfg = Debug|Any CPU
		{96EBC938-B31C-464F-AEC5-DD5CC219ACE8}.Debug|Mixed Platforms.Build.0 = Debug|Any CPU
		{96EBC938-B31C-464F-AEC5-DD5CC219ACE8}.Debug|Win32.ActiveCfg = Debug|Any CPU
		{96EBC938-B31C-464F-AEC5-DD5CC219ACE8}.Debug|Win32.Build.0 = Debug|Any CPU
		{96EBC938-B31C-464F-AEC5-DD5CC219ACE8}.Release|Any CPU.ActiveCfg = Release|Any CPU
		{96EBC938-B31C-464F-AEC5-DD5CC219ACE8}.Release|Any CPU.Build.0 = Release|Any CPU
		{96EBC938-B31C-464F-AEC5-DD5CC219ACE8}.Release|Mixed Platforms.ActiveCfg = Release|Any CPU
		{96EBC938-B31C-464F-AEC5-DD5CC219ACE8}.Release|Mixed Platforms.Build.0 = Release|Any CPU
		{96EBC938-B31C-464F-AEC5-DD5CC219ACE8}.Release|Win32.ActiveCfg = Release|Any CPU
		{96EBC938-B31C-464F-AEC5-DD5CC219ACE8}.Release|Win32.Build.0 = Release|Any CPU
		{DCE29943-0C20-4E76-9F1D-06DBE0FAAABD}.Debug|Any CPU.ActiveCfg = Debug|Any CPU
		{DCE29943-0C20-4E76-9F1D-06DBE0FAAABD}.Debug|Any CPU.Build.0 = Debug|Any CPU
		{DCE29943-0C20-4E76-9F1D-06DBE0FAAABD}.Debug|Mixed Platforms.ActiveCfg = Debug|Any CPU
		{DCE29943-0C20-4E76-9F1D-06DBE0FAAABD}.Debug|Mixed Platforms.Build.0 = Debug|Any CPU
		{DCE29943-0C20-4E76-9F1D-06DBE0FAAABD}.Debug|Win32.ActiveCfg = Debug|Any CPU
		{DCE29943-0C20-4E76-9F1D-06DBE0FAAABD}.Debug|Win32.Build.0 = Debug|Any CPU
		{DCE29943-0C20-4E76-9F1D-06DBE0FAAABD}.Release|Any CPU.ActiveCfg = Release|Any CPU
		{DCE29943-0C20-4E76-9F1D-06DBE0FAAABD}.Release|Any CPU.Build.0 = Release|Any CPU
		{DCE29943-0C20-4E76-9F1D-06DBE0FAAABD}.Release|Mixed Platforms.ActiveCfg = Release|Any CPU
		{DCE29943-0C20-4E76-9F1D-06DBE0FAAABD}.Release|Mixed Platforms.Build.0 = Release|Any CPU
		{DCE29943-0C20-4E76-9F1D-06DBE0FAAABD}.Release|Win32.ActiveCfg = Release|Any CPU
		{DCE29943-0C20-4E76-9F1D-06DBE0FAAABD}.Release|Win32.Build.0 = Release|Any CPU
		{A293F091-284B-4551-A1FC-43B250D81201}.Debug|Any CPU.ActiveCfg = Debug|Any CPU
		{A293F091-284B-4551-A1FC-43B250D81201}.Debug|Any CPU.Build.0 = Debug|Any CPU
		{A293F091-284B-4551-A1FC-43B250D81201}.Debug|Mixed Platforms.ActiveCfg = Debug|Any CPU
		{A293F091-284B-4551-A1FC-43B250D81201}.Debug|Mixed Platforms.Build.0 = Debug|Any CPU
		{A293F091-284B-4551-A1FC-43B250D81201}.Debug|Win32.ActiveCfg = Debug|Any CPU
		{A293F091-284B-4551-A1FC-43B250D81201}.Debug|Win32.Build.0 = Debug|Any CPU
		{A293F091-284B-4551-A1FC-43B250D81201}.Release|Any CPU.ActiveCfg = Release|Any CPU
		{A293F091-284B-4551-A1FC-43B250D81201}.Release|Any CPU.Build.0 = Release|Any CPU
		{A293F091-284B-4551-A1FC-43B250D81201}.Release|Mixed Platforms.ActiveCfg = Release|Any CPU
		{A293F091-284B-4551-A1FC-43B250D81201}.Release|Mixed Platforms.Build.0 = Release|Any CPU
		{A293F091-284B-4551-A1FC-43B250D81201}.Release|Win32.ActiveCfg = Release|Any CPU
		{A293F091-284B-4551-A1FC-43B250D81201}.Release|Win32.Build.0 = Release|Any CPU
		{C757100C-FB87-4F83-8C1D-F0CD9F8D8E99}.Debug|Any CPU.ActiveCfg = Debug|Any CPU
		{C757100C-FB87-4F83-8C1D-F0CD9F8D8E99}.Debug|Any CPU.Build.0 = Debug|Any CPU
		{C757100C-FB87-4F83-8C1D-F0CD9F8D8E99}.Debug|Mixed Platforms.ActiveCfg = Debug|Any CPU
		{C757100C-FB87-4F83-8C1D-F0CD9F8D8E99}.Debug|Mixed Platforms.Build.0 = Debug|Any CPU
		{C757100C-FB87-4F83-8C1D-F0CD9F8D8E99}.Debug|Win32.ActiveCfg = Debug|Any CPU
		{C757100C-FB87-4F83-8C1D-F0CD9F8D8E99}.Debug|Win32.Build.0 = Debug|Any CPU
		{C757100C-FB87-4F83-8C1D-F0CD9F8D8E99}.Release|Any CPU.ActiveCfg = Release|Any CPU
		{C757100C-FB87-4F83-8C1D-F0CD9F8D8E99}.Release|Any CPU.Build.0 = Release|Any CPU
		{C757100C-FB87-4F83-8C1D-F0CD9F8D8E99}.Release|Mixed Platforms.ActiveCfg = Release|Any CPU
		{C757100C-FB87-4F83-8C1D-F0CD9F8D8E99}.Release|Mixed Platforms.Build.0 = Release|Any CPU
		{C757100C-FB87-4F83-8C1D-F0CD9F8D8E99}.Release|Win32.ActiveCfg = Release|Any CPU
		{C757100C-FB87-4F83-8C1D-F0CD9F8D8E99}.Release|Win32.Build.0 = Release|Any CPU
		{91EA29B0-8DE7-49FB-BBFB-7A73F28987F4}.Debug|Any CPU.ActiveCfg = Debug|Any CPU
		{91EA29B0-8DE7-49FB-BBFB-7A73F28987F4}.Debug|Any CPU.Build.0 = Debug|Any CPU
		{91EA29B0-8DE7-49FB-BBFB-7A73F28987F4}.Debug|Mixed Platforms.ActiveCfg = Debug|Any CPU
		{91EA29B0-8DE7-49FB-BBFB-7A73F28987F4}.Debug|Mixed Platforms.Build.0 = Debug|Any CPU
		{91EA29B0-8DE7-49FB-BBFB-7A73F28987F4}.Debug|Win32.ActiveCfg = Debug|Any CPU
		{91EA29B0-8DE7-49FB-BBFB-7A73F28987F4}.Debug|Win32.Build.0 = Debug|Any CPU
		{91EA29B0-8DE7-49FB-BBFB-7A73F28987F4}.Release|Any CPU.ActiveCfg = Release|Any CPU
		{91EA29B0-8DE7-49FB-BBFB-7A73F28987F4}.Release|Any CPU.Build.0 = Release|Any CPU
		{91EA29B0-8DE7-49FB-BBFB-7A73F28987F4}.Release|Mixed Platforms.ActiveCfg = Release|Any CPU
		{91EA29B0-8DE7-49FB-BBFB-7A73F28987F4}.Release|Mixed Platforms.Build.0 = Release|Any CPU
		{91EA29B0-8DE7-49FB-BBFB-7A73F28987F4}.Release|Win32.ActiveCfg = Release|Any CPU
		{91EA29B0-8DE7-49FB-BBFB-7A73F28987F4}.Release|Win32.Build.0 = Release|Any CPU
		{63708BDC-9285-4F67-A1D8-237A5D77ABDD}.Debug|Any CPU.ActiveCfg = Debug|Any CPU
		{63708BDC-9285-4F67-A1D8-237A5D77ABDD}.Debug|Any CPU.Build.0 = Debug|Any CPU
		{63708BDC-9285-4F67-A1D8-237A5D77ABDD}.Debug|Mixed Platforms.ActiveCfg = Debug|Any CPU
		{63708BDC-9285-4F67-A1D8-237A5D77ABDD}.Debug|Mixed Platforms.Build.0 = Debug|Any CPU
		{63708BDC-9285-4F67-A1D8-237A5D77ABDD}.Debug|Win32.ActiveCfg = Debug|Any CPU
		{63708BDC-9285-4F67-A1D8-237A5D77ABDD}.Debug|Win32.Build.0 = Debug|Any CPU
		{63708BDC-9285-4F67-A1D8-237A5D77ABDD}.Release|Any CPU.ActiveCfg = Release|Any CPU
		{63708BDC-9285-4F67-A1D8-237A5D77ABDD}.Release|Any CPU.Build.0 = Release|Any CPU
		{63708BDC-9285-4F67-A1D8-237A5D77ABDD}.Release|Mixed Platforms.ActiveCfg = Release|Any CPU
		{63708BDC-9285-4F67-A1D8-237A5D77ABDD}.Release|Mixed Platforms.Build.0 = Release|Any CPU
		{63708BDC-9285-4F67-A1D8-237A5D77ABDD}.Release|Win32.ActiveCfg = Release|Any CPU
		{63708BDC-9285-4F67-A1D8-237A5D77ABDD}.Release|Win32.Build.0 = Release|Any CPU
		{EC828D56-8C88-49EF-9716-68B2663A7F81}.Debug|Any CPU.ActiveCfg = Debug|Any CPU
		{EC828D56-8C88-49EF-9716-68B2663A7F81}.Debug|Any CPU.Build.0 = Debug|Any CPU
		{EC828D56-8C88-49EF-9716-68B2663A7F81}.Debug|Mixed Platforms.ActiveCfg = Debug|Any CPU
		{EC828D56-8C88-49EF-9716-68B2663A7F81}.Debug|Mixed Platforms.Build.0 = Debug|Any CPU
		{EC828D56-8C88-49EF-9716-68B2663A7F81}.Debug|Win32.ActiveCfg = Debug|Any CPU
		{EC828D56-8C88-49EF-9716-68B2663A7F81}.Debug|Win32.Build.0 = Debug|Any CPU
		{EC828D56-8C88-49EF-9716-68B2663A7F81}.Release|Any CPU.ActiveCfg = Release|Any CPU
		{EC828D56-8C88-49EF-9716-68B2663A7F81}.Release|Any CPU.Build.0 = Release|Any CPU
		{EC828D56-8C88-49EF-9716-68B2663A7F81}.Release|Mixed Platforms.ActiveCfg = Release|Any CPU
		{EC828D56-8C88-49EF-9716-68B2663A7F81}.Release|Mixed Platforms.Build.0 = Release|Any CPU
		{EC828D56-8C88-49EF-9716-68B2663A7F81}.Release|Win32.ActiveCfg = Release|Any CPU
		{EC828D56-8C88-49EF-9716-68B2663A7F81}.Release|Win32.Build.0 = Release|Any CPU
		{290774D5-43FB-4F0C-AF75-5615A8370547}.Debug|Any CPU.ActiveCfg = Debug|Any CPU
		{290774D5-43FB-4F0C-AF75-5615A8370547}.Debug|Any CPU.Build.0 = Debug|Any CPU
		{290774D5-43FB-4F0C-AF75-5615A8370547}.Debug|Mixed Platforms.ActiveCfg = Debug|Any CPU
		{290774D5-43FB-4F0C-AF75-5615A8370547}.Debug|Mixed Platforms.Build.0 = Debug|Any CPU
		{290774D5-43FB-4F0C-AF75-5615A8370547}.Debug|Win32.ActiveCfg = Debug|Any CPU
		{290774D5-43FB-4F0C-AF75-5615A8370547}.Debug|Win32.Build.0 = Debug|Any CPU
		{290774D5-43FB-4F0C-AF75-5615A8370547}.Release|Any CPU.ActiveCfg = Release|Any CPU
		{290774D5-43FB-4F0C-AF75-5615A8370547}.Release|Any CPU.Build.0 = Release|Any CPU
		{290774D5-43FB-4F0C-AF75-5615A8370547}.Release|Mixed Platforms.ActiveCfg = Release|Any CPU
		{290774D5-43FB-4F0C-AF75-5615A8370547}.Release|Mixed Platforms.Build.0 = Release|Any CPU
		{290774D5-43FB-4F0C-AF75-5615A8370547}.Release|Win32.ActiveCfg = Release|Any CPU
		{290774D5-43FB-4F0C-AF75-5615A8370547}.Release|Win32.Build.0 = Release|Any CPU
		{2137109B-6ACF-43CC-834A-19064FD784B6}.Debug|Any CPU.ActiveCfg = Debug|Any CPU
		{2137109B-6ACF-43CC-834A-19064FD784B6}.Debug|Any CPU.Build.0 = Debug|Any CPU
		{2137109B-6ACF-43CC-834A-19064FD784B6}.Debug|Mixed Platforms.ActiveCfg = Debug|Any CPU
		{2137109B-6ACF-43CC-834A-19064FD784B6}.Debug|Mixed Platforms.Build.0 = Debug|Any CPU
		{2137109B-6ACF-43CC-834A-19064FD784B6}.Debug|Win32.ActiveCfg = Debug|Any CPU
		{2137109B-6ACF-43CC-834A-19064FD784B6}.Debug|Win32.Build.0 = Debug|Any CPU
		{2137109B-6ACF-43CC-834A-19064FD784B6}.Release|Any CPU.ActiveCfg = Release|Any CPU
		{2137109B-6ACF-43CC-834A-19064FD784B6}.Release|Any CPU.Build.0 = Release|Any CPU
		{2137109B-6ACF-43CC-834A-19064FD784B6}.Release|Mixed Platforms.ActiveCfg = Release|Any CPU
		{2137109B-6ACF-43CC-834A-19064FD784B6}.Release|Mixed Platforms.Build.0 = Release|Any CPU
		{2137109B-6ACF-43CC-834A-19064FD784B6}.Release|Win32.ActiveCfg = Release|Any CPU
		{2137109B-6ACF-43CC-834A-19064FD784B6}.Release|Win32.Build.0 = Release|Any CPU
		{369AB21A-A234-4672-9B7F-E958A93531C0}.Debug|Any CPU.ActiveCfg = Debug|Any CPU
		{369AB21A-A234-4672-9B7F-E958A93531C0}.Debug|Any CPU.Build.0 = Debug|Any CPU
		{369AB21A-A234-4672-9B7F-E958A93531C0}.Debug|Mixed Platforms.ActiveCfg = Debug|Any CPU
		{369AB21A-A234-4672-9B7F-E958A93531C0}.Debug|Mixed Platforms.Build.0 = Debug|Any CPU
		{369AB21A-A234-4672-9B7F-E958A93531C0}.Debug|Win32.ActiveCfg = Debug|Any CPU
		{369AB21A-A234-4672-9B7F-E958A93531C0}.Debug|Win32.Build.0 = Debug|Any CPU
		{369AB21A-A234-4672-9B7F-E958A93531C0}.Release|Any CPU.ActiveCfg = Release|Any CPU
		{369AB21A-A234-4672-9B7F-E958A93531C0}.Release|Any CPU.Build.0 = Release|Any CPU
		{369AB21A-A234-4672-9B7F-E958A93531C0}.Release|Mixed Platforms.ActiveCfg = Release|Any CPU
		{369AB21A-A234-4672-9B7F-E958A93531C0}.Release|Mixed Platforms.Build.0 = Release|Any CPU
		{369AB21A-A234-4672-9B7F-E958A93531C0}.Release|Win32.ActiveCfg = Release|Any CPU
		{369AB21A-A234-4672-9B7F-E958A93531C0}.Release|Win32.Build.0 = Release|Any CPU
		{6F020F23-FC16-4567-99BB-10A06F20F9D6}.Debug|Any CPU.ActiveCfg = Debug|Any CPU
		{6F020F23-FC16-4567-99BB-10A06F20F9D6}.Debug|Any CPU.Build.0 = Debug|Any CPU
		{6F020F23-FC16-4567-99BB-10A06F20F9D6}.Debug|Mixed Platforms.ActiveCfg = Debug|Any CPU
		{6F020F23-FC16-4567-99BB-10A06F20F9D6}.Debug|Mixed Platforms.Build.0 = Debug|Any CPU
		{6F020F23-FC16-4567-99BB-10A06F20F9D6}.Debug|Win32.ActiveCfg = Debug|Any CPU
		{6F020F23-FC16-4567-99BB-10A06F20F9D6}.Debug|Win32.Build.0 = Debug|Any CPU
		{6F020F23-FC16-4567-99BB-10A06F20F9D6}.Release|Any CPU.ActiveCfg = Release|Any CPU
		{6F020F23-FC16-4567-99BB-10A06F20F9D6}.Release|Any CPU.Build.0 = Release|Any CPU
		{6F020F23-FC16-4567-99BB-10A06F20F9D6}.Release|Mixed Platforms.ActiveCfg = Release|Any CPU
		{6F020F23-FC16-4567-99BB-10A06F20F9D6}.Release|Mixed Platforms.Build.0 = Release|Any CPU
		{6F020F23-FC16-4567-99BB-10A06F20F9D6}.Release|Win32.ActiveCfg = Release|Any CPU
		{6F020F23-FC16-4567-99BB-10A06F20F9D6}.Release|Win32.Build.0 = Release|Any CPU
	EndGlobalSection
	GlobalSection(SolutionProperties) = preSolution
		HideSolutionNode = FALSE
	EndGlobalSection
	GlobalSection(NestedProjects) = preSolution
		{5CBDA46B-B22C-474A-8B99-E2E855A8BCA8} = {1A90348B-9EF5-475B-83D8-9D4F385BA8B5}
		{C6AC0DD2-3F9A-4A8B-B937-98F25CEB5D57} = {1A90348B-9EF5-475B-83D8-9D4F385BA8B5}
		{C44CF322-7993-4451-A2F6-028C4ABCFD17} = {1A90348B-9EF5-475B-83D8-9D4F385BA8B5}
		{4EC63109-6CCC-4113-B072-6517D935FFFA} = {747611CE-C738-45D6-B3B3-58FAF056C251}
		{3E04D2BF-DE54-4608-9E5D-98596F943AE2} = {747611CE-C738-45D6-B3B3-58FAF056C251}
		{CD2F7E1F-6D1F-462A-92D5-5B07E8FD4533} = {02565A03-B570-401D-8796-F84DE193F194}
		{DB3F97C2-577A-4799-BA6B-31CA14F47CAD} = {02565A03-B570-401D-8796-F84DE193F194}
		{808DAED7-50DB-45A5-AB16-F5C2008DCABA} = {02565A03-B570-401D-8796-F84DE193F194}
		{F9DC88B2-839B-4A5A-A2A9-88C21EF71A86} = {558DE237-AC05-41A5-AA45-2084614D95D3}
		{A9644A39-B361-4675-9CF6-7F24DFC840E6} = {940B10A8-87B6-440E-A793-73AE47C68EA5}
		{DEF6B954-981A-4B94-BED5-539D37A86B4E} = {940B10A8-87B6-440E-A793-73AE47C68EA5}
		{846AD717-C4AD-459E-9524-84125454685A} = {68FB30CB-4812-4893-8CA1-D53C08AD06D7}
		{5131F342-51E7-481A-A4F7-984A2C70397A} = {68FB30CB-4812-4893-8CA1-D53C08AD06D7}
		{70C1E43F-F4D0-42E1-915A-2701D162C050} = {02565A03-B570-401D-8796-F84DE193F194}
		{63D15731-5E68-4799-93D6-64092E6988B1} = {02565A03-B570-401D-8796-F84DE193F194}
		{75584615-FD8B-4746-8379-7CFF2D7E745B} = {02565A03-B570-401D-8796-F84DE193F194}
		{C0D22336-C49E-4245-B39D-0B3083C28205} = {1A90348B-9EF5-475B-83D8-9D4F385BA8B5}
		{C3C9C547-BDBB-47CA-80BC-F97D2E7B884C} = {1A90348B-9EF5-475B-83D8-9D4F385BA8B5}
		{03B70640-BF43-466E-B893-4762433B5334} = {558DE237-AC05-41A5-AA45-2084614D95D3}
		{6364051D-A683-4239-BBBE-88412A8F4E8B} = {558DE237-AC05-41A5-AA45-2084614D95D3}
		{1C89A43F-0B79-4711-813E-BE0AAE442547} = {558DE237-AC05-41A5-AA45-2084614D95D3}
		{9BAE7AB1-4508-45D0-91D4-9B12EEE53CD3} = {1A90348B-9EF5-475B-83D8-9D4F385BA8B5}
		{43DE773D-3E00-48ED-93FE-A0EDA5C105FB} = {1A90348B-9EF5-475B-83D8-9D4F385BA8B5}
		{0F26DFCE-11BA-4118-BE9A-E4C541D70F14} = {558DE237-AC05-41A5-AA45-2084614D95D3}
		{F0A1DAD3-B055-4E79-8669-BE51E236F766} = {558DE237-AC05-41A5-AA45-2084614D95D3}
		{96EBC938-B31C-464F-AEC5-DD5CC219ACE8} = {558DE237-AC05-41A5-AA45-2084614D95D3}
		{DCE29943-0C20-4E76-9F1D-06DBE0FAAABD} = {558DE237-AC05-41A5-AA45-2084614D95D3}
		{A293F091-284B-4551-A1FC-43B250D81201} = {1A90348B-9EF5-475B-83D8-9D4F385BA8B5}
		{C757100C-FB87-4F83-8C1D-F0CD9F8D8E99} = {558DE237-AC05-41A5-AA45-2084614D95D3}
		{91EA29B0-8DE7-49FB-BBFB-7A73F28987F4} = {558DE237-AC05-41A5-AA45-2084614D95D3}
		{63708BDC-9285-4F67-A1D8-237A5D77ABDD} = {558DE237-AC05-41A5-AA45-2084614D95D3}
		{EC828D56-8C88-49EF-9716-68B2663A7F81} = {558DE237-AC05-41A5-AA45-2084614D95D3}
		{290774D5-43FB-4F0C-AF75-5615A8370547} = {1A90348B-9EF5-475B-83D8-9D4F385BA8B5}
		{2137109B-6ACF-43CC-834A-19064FD784B6} = {1A90348B-9EF5-475B-83D8-9D4F385BA8B5}
		{369AB21A-A234-4672-9B7F-E958A93531C0} = {1A90348B-9EF5-475B-83D8-9D4F385BA8B5}
		{6F020F23-FC16-4567-99BB-10A06F20F9D6} = {1A90348B-9EF5-475B-83D8-9D4F385BA8B5}
	EndGlobalSection
EndGlobal
